# @generated - this file is auto-generated by `mise lock` https://mise.jdx.dev/dev-tools/mise-lock.html

[[tools.actionlint]]
version = "1.7.12"
backend = "aqua:rhysd/actionlint"

[tools.actionlint."platforms.linux-arm64"]
checksum = "sha256:325e971b6ba9bfa504672e29be93c24981eeb1c07576d730e9f7c8805afff0c6"
url = "https://github.com/rhysd/actionlint/releases/download/v1.7.12/actionlint_1.7.12_linux_arm64.tar.gz"
provenance = "github-attestations"

[tools.actionlint."platforms.linux-arm64-musl"]
checksum = "sha256:325e971b6ba9bfa504672e29be93c24981eeb1c07576d730e9f7c8805afff0c6"
url = "https://github.com/rhysd/actionlint/releases/download/v1.7.12/actionlint_1.7.12_linux_arm64.tar.gz"
provenance = "github-attestations"

[tools.actionlint."platforms.linux-x64"]
checksum = "sha256:8aca8db96f1b94770f1b0d72b6dddcb1ebb8123cb3712530b08cc387b349a3d8"
url = "https://github.com/rhysd/actionlint/releases/download/v1.7.12/actionlint_1.7.12_linux_amd64.tar.gz"
provenance = "github-attestations"

[tools.actionlint."platforms.linux-x64-musl"]
checksum = "sha256:8aca8db96f1b94770f1b0d72b6dddcb1ebb8123cb3712530b08cc387b349a3d8"
url = "https://github.com/rhysd/actionlint/releases/download/v1.7.12/actionlint_1.7.12_linux_amd64.tar.gz"
provenance = "github-attestations"

[tools.actionlint."platforms.macos-arm64"]
checksum = "sha256:aba9ced2dee8d27fecca3dc7feb1a7f9a52caefa1eb46f3271ea66b6e0e6953f"
url = "https://github.com/rhysd/actionlint/releases/download/v1.7.12/actionlint_1.7.12_darwin_arm64.tar.gz"
provenance = "github-attestations"

[tools.actionlint."platforms.macos-x64"]
checksum = "sha256:5b44c3bc2255115c9b69e30efc0fecdf498fdb63c5d58e17084fd5f16324c644"
url = "https://github.com/rhysd/actionlint/releases/download/v1.7.12/actionlint_1.7.12_darwin_amd64.tar.gz"
provenance = "github-attestations"

[tools.actionlint."platforms.windows-x64"]
checksum = "sha256:6e7241b51e6817ea6a047693d8e6fed13b31819c9a0dd6c5a726e1592d22f6e9"
url = "https://github.com/rhysd/actionlint/releases/download/v1.7.12/actionlint_1.7.12_windows_amd64.zip"
provenance = "github-attestations"

[[tools.hk]]
version = "1.42.0"
backend = "aqua:jdx/hk"

[tools.hk."platforms.linux-arm64"]
checksum = "sha256:291ed6215703fc3aa6a9fcbb96a72b88751c50888a00a6a73140ae0fbc3eef70"
url = "https://github.com/jdx/hk/releases/download/v1.42.0/hk-aarch64-unknown-linux-gnu.tar.gz"

[tools.hk."platforms.linux-arm64-musl"]
checksum = "sha256:291ed6215703fc3aa6a9fcbb96a72b88751c50888a00a6a73140ae0fbc3eef70"
url = "https://github.com/jdx/hk/releases/download/v1.42.0/hk-aarch64-unknown-linux-gnu.tar.gz"

[tools.hk."platforms.linux-x64"]
checksum = "sha256:a4f8898a83c1521c3e184b8af613ddf8d121df21a4026c679b18b54e8b5953db"
url = "https://github.com/jdx/hk/releases/download/v1.42.0/hk-x86_64-unknown-linux-gnu.tar.gz"

[tools.hk."platforms.linux-x64-musl"]
checksum = "sha256:a4f8898a83c1521c3e184b8af613ddf8d121df21a4026c679b18b54e8b5953db"
url = "https://github.com/jdx/hk/releases/download/v1.42.0/hk-x86_64-unknown-linux-gnu.tar.gz"

[tools.hk."platforms.macos-arm64"]
checksum = "sha256:29c4d4aabda87ed8e0a3bcd97cffe288a6932f22ae0a49d77f8a1bb9430afdbe"
url = "https://github.com/jdx/hk/releases/download/v1.42.0/hk-aarch64-apple-darwin.tar.gz"

[tools.hk."platforms.windows-x64"]
checksum = "sha256:9706dab06f3ed468bb1247ce540dad677acea7bc9a023e8cdbdc5f79b2e4015a"
url = "https://github.com/jdx/hk/releases/download/v1.42.0/hk-x86_64-pc-windows-msvc.zip"

[[tools.just]]
version = "1.50.0"
backend = "aqua:casey/just"

[[tools.node]]
version = "25.9.0"
backend = "core:node"

[tools.node."platforms.linux-arm64"]
checksum = "sha256:8fb4283301b8c720fc9f18bffff0f659e72cc14d0cf207a3bb411808aaa73a57"
url = "https://nodejs.org/dist/v25.9.0/node-v25.9.0-linux-arm64.tar.gz"

[tools.node."platforms.linux-arm64-musl"]
checksum = "sha256:8fb4283301b8c720fc9f18bffff0f659e72cc14d0cf207a3bb411808aaa73a57"
url = "https://nodejs.org/dist/v25.9.0/node-v25.9.0-linux-arm64.tar.gz"

[tools.node."platforms.linux-x64"]
checksum = "sha256:134e55b2408448a219760fe04dc44d6851f9de8a79549021ffd870e9082d9e7b"
url = "https://nodejs.org/dist/v25.9.0/node-v25.9.0-linux-x64.tar.gz"

[tools.node."platforms.linux-x64-musl"]
checksum = "sha256:134e55b2408448a219760fe04dc44d6851f9de8a79549021ffd870e9082d9e7b"
url = "https://nodejs.org/dist/v25.9.0/node-v25.9.0-linux-x64.tar.gz"

[tools.node."platforms.macos-arm64"]
checksum = "sha256:e479f3c469d3d9303a44f00a8ea37a3788395d171bb8059c48a4bbbd2e371b59"
url = "https://nodejs.org/dist/v25.9.0/node-v25.9.0-darwin-arm64.tar.gz"

[tools.node."platforms.macos-x64"]
checksum = "sha256:7d737b53ce191142bfa1c17cfa5b070d96e84eebf76b8dd06d84981cbdc3f7e3"
url = "https://nodejs.org/dist/v25.9.0/node-v25.9.0-darwin-x64.tar.gz"

[tools.node."platforms.windows-x64"]
checksum = "sha256:929552b8305effac843ba7b4270c437aefb702fc3fbd73fcd1bffd35d4ac284e"
url = "https://nodejs.org/dist/v25.9.0/node-v25.9.0-win-x64.zip"

[[tools."npm:prettier"]]
version = "3.8.2"
backend = "npm:prettier"

[[tools."npm:wrangler"]]
version = "4.84.1"
backend = "npm:wrangler"

[[tools.pkl]]
version = "0.31.1"
backend = "aqua:apple/pkl"

[tools.pkl."platforms.linux-arm64"]
checksum = "sha256:7ef10e743daa921fb94ae7bdb9ec6986f362bf250c55814b9ea2aeb13f2d083e"
url = "https://github.com/apple/pkl/releases/download/0.31.1/pkl-linux-aarch64"

[tools.pkl."platforms.linux-arm64-musl"]
checksum = "sha256:7ef10e743daa921fb94ae7bdb9ec6986f362bf250c55814b9ea2aeb13f2d083e"
url = "https://github.com/apple/pkl/releases/download/0.31.1/pkl-linux-aarch64"

[tools.pkl."platforms.linux-x64"]
checksum = "sha256:618f13955d755cafbfe8c9cba1d27635848cd49dbc6abffd398d2751db1231bf"
url = "https://github.com/apple/pkl/releases/download/0.31.1/pkl-linux-amd64"

[tools.pkl."platforms.linux-x64-musl"]
checksum = "sha256:618f13955d755cafbfe8c9cba1d27635848cd49dbc6abffd398d2751db1231bf"
url = "https://github.com/apple/pkl/releases/download/0.31.1/pkl-linux-amd64"

[tools.pkl."platforms.macos-arm64"]
checksum = "sha256:1b6a5438d9624cd2798a7530721bbbfa27ef72efe5c878a1b6c546c6e7ca0e8f"
url = "https://github.com/apple/pkl/releases/download/0.31.1/pkl-macos-aarch64"

[tools.pkl."platforms.macos-x64"]
checksum = "sha256:22123ed4ae4c03afa8c54c69f77f0bec39b0fa0f67b09d6d148e0a376a2a471d"
url = "https://github.com/apple/pkl/releases/download/0.31.1/pkl-macos-amd64"

[tools.pkl."platforms.windows-x64"]
checksum = "sha256:a8834481667325b44c539dbb758d7365a16389070f343c04b639bbe525ede013"
url = "https://github.com/apple/pkl/releases/download/0.31.1/pkl-windows-amd64.exe"

[[tools.python]]
version = "3.14.4"
backend = "core:python"

[tools.python."platforms.linux-arm64"]
checksum = "sha256:c84d61ae07e3b255f8bac6a28147bd373c3c1862d1d5598a9543a5b103fcb595"
url = "https://github.com/astral-sh/python-build-standalone/releases/download/20260408/cpython-3.14.4+20260408-aarch64-unknown-linux-gnu-install_only_stripped.tar.gz"
provenance = "github-attestations"

[tools.python."platforms.linux-arm64-musl"]
checksum = "sha256:c84d61ae07e3b255f8bac6a28147bd373c3c1862d1d5598a9543a5b103fcb595"
url = "https://github.com/astral-sh/python-build-standalone/releases/download/20260408/cpython-3.14.4+20260408-aarch64-unknown-linux-gnu-install_only_stripped.tar.gz"
provenance = "github-attestations"

[tools.python."platforms.linux-x64"]
checksum = "sha256:c838ac128a6e9c944b30301880472349eca8cd1abc79fb0d359ac2a358569389"
url = "https://github.com/astral-sh/python-build-standalone/releases/download/20260408/cpython-3.14.4+20260408-x86_64-unknown-linux-gnu-install_only_stripped.tar.gz"
provenance = "github-attestations"

[tools.python."platforms.linux-x64-musl"]
checksum = "sha256:c838ac128a6e9c944b30301880472349eca8cd1abc79fb0d359ac2a358569389"
url = "https://github.com/astral-sh/python-build-standalone/releases/download/20260408/cpython-3.14.4+20260408-x86_64-unknown-linux-gnu-install_only_stripped.tar.gz"
provenance = "github-attestations"

[tools.python."platforms.macos-arm64"]
checksum = "sha256:f1ce5d79bceecbed25a37b611d6dae147b27857dda8181e3a5e29e73dd1c57c3"
url = "https://github.com/astral-sh/python-build-standalone/releases/download/20260408/cpython-3.14.4+20260408-aarch64-apple-darwin-install_only_stripped.tar.gz"
provenance = "github-attestations"

[tools.python."platforms.macos-x64"]
checksum = "sha256:1c9615f872058332b74b2be1b248078c636b6f4b116eed3e17f50eb7efe1a989"
url = "https://github.com/astral-sh/python-build-standalone/releases/download/20260408/cpython-3.14.4+20260408-x86_64-apple-darwin-install_only_stripped.tar.gz"
provenance = "github-attestations"

[tools.python."platforms.windows-x64"]
checksum = "sha256:472f4f0d91429661db1b28a72e36adc593b6bd5d19db222d7faca635b3005313"
url = "https://github.com/astral-sh/python-build-standalone/releases/download/20260408/cpython-3.14.4+20260408-x86_64-pc-windows-msvc-install_only_stripped.tar.gz"
provenance = "github-attestations"

[[tools.ruff]]
version = "0.15.10"
backend = "aqua:astral-sh/ruff"

[tools.ruff."platforms.linux-arm64"]
checksum = "sha256:84754f0e58f58fb123ea49b8d22b8ce2cc96e4046b7c1b1ed99f6af7fe76f8ef"
url = "https://github.com/astral-sh/ruff/releases/download/0.15.10/ruff-aarch64-unknown-linux-musl.tar.gz"
provenance = "github-attestations"

[tools.ruff."platforms.linux-arm64-musl"]
checksum = "sha256:84754f0e58f58fb123ea49b8d22b8ce2cc96e4046b7c1b1ed99f6af7fe76f8ef"
url = "https://github.com/astral-sh/ruff/releases/download/0.15.10/ruff-aarch64-unknown-linux-musl.tar.gz"
provenance = "github-attestations"

[tools.ruff."platforms.linux-x64"]
checksum = "sha256:8b0a16bae81e371c9b6176a27fdb9db1deaa04c4cfe87e8604a898cc31686500"
url = "https://github.com/astral-sh/ruff/releases/download/0.15.10/ruff-x86_64-unknown-linux-musl.tar.gz"
provenance = "github-attestations"

[tools.ruff."platforms.linux-x64-musl"]
checksum = "sha256:8b0a16bae81e371c9b6176a27fdb9db1deaa04c4cfe87e8604a898cc31686500"
url = "https://github.com/astral-sh/ruff/releases/download/0.15.10/ruff-x86_64-unknown-linux-musl.tar.gz"
provenance = "github-attestations"

[tools.ruff."platforms.macos-arm64"]
checksum = "sha256:77c1df502dcfaaec52c6ce203b504b8554c88ab66ac01313410fa68ad9aafd5b"
url = "https://github.com/astral-sh/ruff/releases/download/0.15.10/ruff-aarch64-apple-darwin.tar.gz"
provenance = "github-attestations"

[tools.ruff."platforms.macos-x64"]
checksum = "sha256:7210e06196de876771cc0bad0f1d57678e709d039f184b491fdaa600d6a95a5e"
url = "https://github.com/astral-sh/ruff/releases/download/0.15.10/ruff-x86_64-apple-darwin.tar.gz"
provenance = "github-attestations"

[tools.ruff."platforms.windows-x64"]
checksum = "sha256:6f8f9a445102107ee3c0a05c8f386bacb32238199ecbc0983b9b06c5ea3d7c5e"
url = "https://github.com/astral-sh/ruff/releases/download/0.15.10/ruff-x86_64-pc-windows-msvc.zip"
provenance = "github-attestations"

[[tools.rumdl]]
version = "0.1.71"
backend = "github:rvben/rumdl"

[tools.rumdl."platforms.linux-arm64"]
checksum = "sha256:b4215f34d823871bb8da6ad822af0e4ff369c6a46d3274010b28849cb8957cbc"
url = "https://github.com/rvben/rumdl/releases/download/v0.1.71/rumdl-v0.1.71-aarch64-unknown-linux-gnu.tar.gz"
url_api = "https://api.github.com/repos/rvben/rumdl/releases/assets/395318486"
provenance = "github-attestations"

[tools.rumdl."platforms.linux-arm64-musl"]
checksum = "sha256:d6ae5c776966155f75a3de922c175b04162ee743d2ec8cc4a02689c0602442ff"
url = "https://github.com/rvben/rumdl/releases/download/v0.1.71/rumdl-v0.1.71-aarch64-unknown-linux-musl.tar.gz"
url_api = "https://api.github.com/repos/rvben/rumdl/releases/assets/395318478"
provenance = "github-attestations"

[tools.rumdl."platforms.linux-x64"]
checksum = "sha256:9d7e9619f2480ba0e96d7ebd13759bfca55f385f56c3198b264f1575d6b710c0"
url = "https://github.com/rvben/rumdl/releases/download/v0.1.71/rumdl-v0.1.71-x86_64-unknown-linux-gnu.tar.gz"
url_api = "https://api.github.com/repos/rvben/rumdl/releases/assets/395318481"
provenance = "github-attestations"

[tools.rumdl."platforms.linux-x64-musl"]
checksum = "sha256:cbc356551ec66e8676f7d5207c9c25c07c7811d9d7696e4d1b6686deb9a8a6b6"
url = "https://github.com/rvben/rumdl/releases/download/v0.1.71/rumdl-v0.1.71-x86_64-unknown-linux-musl.tar.gz"
url_api = "https://api.github.com/repos/rvben/rumdl/releases/assets/395318476"
provenance = "github-attestations"

[tools.rumdl."platforms.macos-arm64"]
checksum = "sha256:7f989ef3f5868aa59d24716cc7c3ea412681c9ab87e7ae9c4b30194ce3bc3167"
url = "https://github.com/rvben/rumdl/releases/download/v0.1.71/rumdl-v0.1.71-aarch64-apple-darwin.tar.gz"
url_api = "https://api.github.com/repos/rvben/rumdl/releases/assets/395318483"
provenance = "github-attestations"

[tools.rumdl."platforms.macos-x64"]
checksum = "sha256:58bb17d516e424470d058f9e91efd8400ccdadbb153deb2def238e07373962e7"
url = "https://github.com/rvben/rumdl/releases/download/v0.1.71/rumdl-v0.1.71-x86_64-apple-darwin.tar.gz"
url_api = "https://api.github.com/repos/rvben/rumdl/releases/assets/395318480"
provenance = "github-attestations"

[tools.rumdl."platforms.windows-x64"]
checksum = "sha256:c00a0258f2e88f0b8c782941e09544060f37ffb938b307a7e41f8efa4c9a6bdd"
url = "https://github.com/rvben/rumdl/releases/download/v0.1.71/rumdl-v0.1.71-x86_64-pc-windows-msvc.zip"
url_api = "https://api.github.com/repos/rvben/rumdl/releases/assets/395318487"
provenance = "github-attestations"

[[tools.shellcheck]]
version = "0.11.0"
backend = "aqua:koalaman/shellcheck"

[tools.shellcheck."platforms.linux-arm64"]
checksum = "sha256:12b331c1d2db6b9eb13cfca64306b1b157a86eb69db83023e261eaa7e7c14588"
url = "https://github.com/koalaman/shellcheck/releases/download/v0.11.0/shellcheck-v0.11.0.linux.aarch64.tar.xz"

[tools.shellcheck."platforms.linux-arm64-musl"]
checksum = "sha256:12b331c1d2db6b9eb13cfca64306b1b157a86eb69db83023e261eaa7e7c14588"
url = "https://github.com/koalaman/shellcheck/releases/download/v0.11.0/shellcheck-v0.11.0.linux.aarch64.tar.xz"

[tools.shellcheck."platforms.linux-x64"]
checksum = "sha256:8c3be12b05d5c177a04c29e3c78ce89ac86f1595681cab149b65b97c4e227198"
url = "https://github.com/koalaman/shellcheck/releases/download/v0.11.0/shellcheck-v0.11.0.linux.x86_64.tar.xz"

[tools.shellcheck."platforms.linux-x64-musl"]
checksum = "sha256:8c3be12b05d5c177a04c29e3c78ce89ac86f1595681cab149b65b97c4e227198"
url = "https://github.com/koalaman/shellcheck/releases/download/v0.11.0/shellcheck-v0.11.0.linux.x86_64.tar.xz"

[tools.shellcheck."platforms.macos-arm64"]
checksum = "sha256:56affdd8de5527894dca6dc3d7e0a99a873b0f004d7aabc30ae407d3f48b0a79"
url = "https://github.com/koalaman/shellcheck/releases/download/v0.11.0/shellcheck-v0.11.0.darwin.aarch64.tar.xz"

[tools.shellcheck."platforms.macos-x64"]
checksum = "sha256:3c89db4edcab7cf1c27bff178882e0f6f27f7afdf54e859fa041fca10febe4c6"
url = "https://github.com/koalaman/shellcheck/releases/download/v0.11.0/shellcheck-v0.11.0.darwin.x86_64.tar.xz"

[tools.shellcheck."platforms.windows-x64"]
checksum = "sha256:8a4e35ab0b331c85d73567b12f2a444df187f483e5079ceffa6bda1faa2e740e"
url = "https://github.com/koalaman/shellcheck/releases/download/v0.11.0/shellcheck-v0.11.0.zip"

[[tools.shfmt]]
version = "3.13.1"
backend = "aqua:mvdan/sh"

[tools.shfmt."platforms.linux-arm64"]
checksum = "sha256:32d92acaa5cd8abb29fc49dac123dc412442d5713967819d8af2c29f1b3857c7"
url = "https://github.com/mvdan/sh/releases/download/v3.13.1/shfmt_v3.13.1_linux_arm64"

[tools.shfmt."platforms.linux-arm64-musl"]
checksum = "sha256:32d92acaa5cd8abb29fc49dac123dc412442d5713967819d8af2c29f1b3857c7"
url = "https://github.com/mvdan/sh/releases/download/v3.13.1/shfmt_v3.13.1_linux_arm64"

[tools.shfmt."platforms.linux-x64"]
checksum = "sha256:fb096c5d1ac6beabbdbaa2874d025badb03ee07929f0c9ff67563ce8c75398b1"
url = "https://github.com/mvdan/sh/releases/download/v3.13.1/shfmt_v3.13.1_linux_amd64"

[tools.shfmt."platforms.linux-x64-musl"]
checksum = "sha256:fb096c5d1ac6beabbdbaa2874d025badb03ee07929f0c9ff67563ce8c75398b1"
url = "https://github.com/mvdan/sh/releases/download/v3.13.1/shfmt_v3.13.1_linux_amd64"

[tools.shfmt."platforms.macos-arm64"]
checksum = "sha256:9680526be4a66ea1ffe988ed08af58e1400fe1e4f4aef5bd88b20bb9b3da33f8"
url = "https://github.com/mvdan/sh/releases/download/v3.13.1/shfmt_v3.13.1_darwin_arm64"

[tools.shfmt."platforms.macos-x64"]
checksum = "sha256:6feedafc72915794163114f512348e2437d080d0047ef8b8fa2ec63b575f12af"
url = "https://github.com/mvdan/sh/releases/download/v3.13.1/shfmt_v3.13.1_darwin_amd64"

[tools.shfmt."platforms.windows-x64"]
checksum = "sha256:60cd368533d0ad73fa86d93d5bbf95ef40587245ce684ed138c1b31557b5fe97"
url = "https://github.com/mvdan/sh/releases/download/v3.13.1/shfmt_v3.13.1_windows_amd64.exe"

[[tools.swiftlint]]
version = "0.63.2"
backend = "aqua:realm/SwiftLint"

[tools.swiftlint."platforms.linux-arm64"]
checksum = "sha256:104dedff762157f5cff7752f1cc2a289b60f3ea677e72d651c6f3a3287fdd948"
url = "https://github.com/realm/SwiftLint/releases/download/0.63.2/swiftlint_linux_arm64.zip"

[tools.swiftlint."platforms.linux-arm64-musl"]
checksum = "sha256:104dedff762157f5cff7752f1cc2a289b60f3ea677e72d651c6f3a3287fdd948"
url = "https://github.com/realm/SwiftLint/releases/download/0.63.2/swiftlint_linux_arm64.zip"

[tools.swiftlint."platforms.linux-x64"]
checksum = "sha256:dd1017cfd20a1457f264590bcb5875a6ee06cd75b9a9d4f77cd43a552499143b"
url = "https://github.com/realm/SwiftLint/releases/download/0.63.2/swiftlint_linux_amd64.zip"

[tools.swiftlint."platforms.linux-x64-musl"]
checksum = "sha256:dd1017cfd20a1457f264590bcb5875a6ee06cd75b9a9d4f77cd43a552499143b"
url = "https://github.com/realm/SwiftLint/releases/download/0.63.2/swiftlint_linux_amd64.zip"

[tools.swiftlint."platforms.macos-arm64"]
checksum = "sha256:c59a405c85f95b92ced677a500804e081596a4cae4a6a485af76065557d6ed29"
url = "https://github.com/realm/SwiftLint/releases/download/0.63.2/portable_swiftlint.zip"

[tools.swiftlint."platforms.macos-x64"]
checksum = "sha256:c59a405c85f95b92ced677a500804e081596a4cae4a6a485af76065557d6ed29"
url = "https://github.com/realm/SwiftLint/releases/download/0.63.2/portable_swiftlint.zip"

[[tools.tuist]]
version = "4.180.0"
backend = "aqua:tuist/tuist"

[tools.tuist."platforms.linux-arm64"]
checksum = "sha256:5116763c18c6019b93ae47cadfc0cd12dfdcac391f8e93c4e9bd84296126bcd7"
url = "https://github.com/tuist/tuist/releases/download/4.180.0/tuist-linux-aarch64.tar.gz"

[tools.tuist."platforms.linux-arm64-musl"]
checksum = "sha256:5116763c18c6019b93ae47cadfc0cd12dfdcac391f8e93c4e9bd84296126bcd7"
url = "https://github.com/tuist/tuist/releases/download/4.180.0/tuist-linux-aarch64.tar.gz"

[tools.tuist."platforms.linux-x64"]
checksum = "sha256:1c15c9693a095066af8baacfee41140c066cf7d13a0b48fc308ed29fec7b17b8"
url = "https://github.com/tuist/tuist/releases/download/4.180.0/tuist-linux-x86_64.tar.gz"

[tools.tuist."platforms.linux-x64-musl"]
checksum = "sha256:1c15c9693a095066af8baacfee41140c066cf7d13a0b48fc308ed29fec7b17b8"
url = "https://github.com/tuist/tuist/releases/download/4.180.0/tuist-linux-x86_64.tar.gz"

[tools.tuist."platforms.macos-arm64"]
checksum = "sha256:7c322f0940455b05e439383f4e70a7dfb21080b05f9b104782ad8426228f1a60"
url = "https://github.com/tuist/tuist/releases/download/4.180.0/tuist.zip"

[tools.tuist."platforms.macos-x64"]
checksum = "sha256:7c322f0940455b05e439383f4e70a7dfb21080b05f9b104782ad8426228f1a60"
url = "https://github.com/tuist/tuist/releases/download/4.180.0/tuist.zip"

[[tools.uv]]
version = "0.11.6"
backend = "aqua:astral-sh/uv"

[tools.uv."platforms.linux-arm64"]
checksum = "sha256:d14ebd6f200047264152daaf97b8bd36c7885a5033e9e8bba8366cb0049c0d00"
url = "https://github.com/astral-sh/uv/releases/download/0.11.6/uv-aarch64-unknown-linux-musl.tar.gz"
provenance = "github-attestations"

[tools.uv."platforms.linux-arm64-musl"]
checksum = "sha256:d14ebd6f200047264152daaf97b8bd36c7885a5033e9e8bba8366cb0049c0d00"
url = "https://github.com/astral-sh/uv/releases/download/0.11.6/uv-aarch64-unknown-linux-musl.tar.gz"
provenance = "github-attestations"

[tools.uv."platforms.linux-x64"]
checksum = "sha256:aa342a53abe42364093506d7704214d2cdca30b916843e520bc67759a5d20132"
url = "https://github.com/astral-sh/uv/releases/download/0.11.6/uv-x86_64-unknown-linux-musl.tar.gz"
provenance = "github-attestations"

[tools.uv."platforms.linux-x64-musl"]
checksum = "sha256:aa342a53abe42364093506d7704214d2cdca30b916843e520bc67759a5d20132"
url = "https://github.com/astral-sh/uv/releases/download/0.11.6/uv-x86_64-unknown-linux-musl.tar.gz"
provenance = "github-attestations"

[tools.uv."platforms.macos-arm64"]
checksum = "sha256:4b69a4e366ec38cd5f305707de95e12951181c448679a00dce2a78868dfc9f5b"
url = "https://github.com/astral-sh/uv/releases/download/0.11.6/uv-aarch64-apple-darwin.tar.gz"
provenance = "github-attestations"

[tools.uv."platforms.macos-x64"]
checksum = "sha256:8e0ed5035eaa28c7c8cd2a46b5b9a05bfff1ef01dbdc090a010eb8fdf193a457"
url = "https://github.com/astral-sh/uv/releases/download/0.11.6/uv-x86_64-apple-darwin.tar.gz"
provenance = "github-attestations"

[tools.uv."platforms.windows-x64"]
checksum = "sha256:99aa60edd017a256dbf378f372d1cff3292dbc6696e0ea01716d9158d773ab77"
url = "https://github.com/astral-sh/uv/releases/download/0.11.6/uv-x86_64-pc-windows-msvc.zip"
provenance = "github-attestations"

[[tools.zizmor]]
version = "1.24.1"
backend = "aqua:zizmorcore/zizmor"

[tools.zizmor."platforms.linux-arm64"]
checksum = "sha256:d66e37ef8a375fb07939c630ebf9709a6e0f20242bdc3faf672a7ed97e0b768d"
url = "https://github.com/zizmorcore/zizmor/releases/download/v1.24.1/zizmor-aarch64-unknown-linux-gnu.tar.gz"
provenance = "github-attestations"

[tools.zizmor."platforms.linux-arm64-musl"]
checksum = "sha256:d66e37ef8a375fb07939c630ebf9709a6e0f20242bdc3faf672a7ed97e0b768d"
url = "https://github.com/zizmorcore/zizmor/releases/download/v1.24.1/zizmor-aarch64-unknown-linux-gnu.tar.gz"
provenance = "github-attestations"

[tools.zizmor."platforms.linux-x64"]
checksum = "sha256:a8000f3c683319a523d3b20df0e75457ba591f049cfcbfa98966631b56733c03"
url = "https://github.com/zizmorcore/zizmor/releases/download/v1.24.1/zizmor-x86_64-unknown-linux-gnu.tar.gz"
provenance = "github-attestations"

[tools.zizmor."platforms.linux-x64-musl"]
checksum = "sha256:a8000f3c683319a523d3b20df0e75457ba591f049cfcbfa98966631b56733c03"
url = "https://github.com/zizmorcore/zizmor/releases/download/v1.24.1/zizmor-x86_64-unknown-linux-gnu.tar.gz"
provenance = "github-attestations"

[tools.zizmor."platforms.macos-arm64"]
checksum = "sha256:fc4ea59e18bc028dddb5f710b16dbc361b01ff1e7a20c03b8e5778366ca9f4e1"
url = "https://github.com/zizmorcore/zizmor/releases/download/v1.24.1/zizmor-aarch64-apple-darwin.tar.gz"
provenance = "github-attestations"

[tools.zizmor."platforms.macos-x64"]
checksum = "sha256:721ba70d7fca753aeef1a4ee959a9bc20c55784d4faa6c56e66129a2611fd52f"
url = "https://github.com/zizmorcore/zizmor/releases/download/v1.24.1/zizmor-x86_64-apple-darwin.tar.gz"
provenance = "github-attestations"

[tools.zizmor."platforms.windows-x64"]
checksum = "sha256:b777ec2cb1098139ba74b32e30d11ed149c69ab692d23788c466d4a31704bd4b"
url = "https://github.com/zizmorcore/zizmor/releases/download/v1.24.1/zizmor-x86_64-pc-windows-msvc.zip"
provenance = "github-attestations"
