# @generated - this file is auto-generated by `mise lock` https://mise.jdx.dev/dev-tools/mise-lock.html

[[tools."gem:fastlane"]]
version = "2.232.2"
backend = "gem:fastlane"

[[tools.ruby]]
version = "4.0.2"
backend = "core:ruby"

[[tools."spm:cpisciotta/xcbeautify"]]
version = "3.1.4"
backend = "spm:cpisciotta/xcbeautify"

[[tools.swift]]
version = "6.2.4"
backend = "core:swift"

[[tools.tuist]]
version = "4.160.3"
backend = "aqua:tuist/tuist"

[tools.tuist."platforms.linux-arm64"]
checksum = "sha256:c9ce9c69e7d2df547a586fb7459f91cf619c2a05dc9e43e3caf4a84b5968fbe3"
url = "https://github.com/tuist/tuist/releases/download/4.160.3/tuist-linux-aarch64.tar.gz"

[tools.tuist."platforms.linux-arm64-musl"]
checksum = "sha256:c9ce9c69e7d2df547a586fb7459f91cf619c2a05dc9e43e3caf4a84b5968fbe3"
url = "https://github.com/tuist/tuist/releases/download/4.160.3/tuist-linux-aarch64.tar.gz"

[tools.tuist."platforms.linux-x64"]
checksum = "sha256:71bf6daef5ed2e889416c7f422ced533043cf8ff4d95720ecdcff3c69024ddf4"
url = "https://github.com/tuist/tuist/releases/download/4.160.3/tuist-linux-x86_64.tar.gz"

[tools.tuist."platforms.linux-x64-musl"]
checksum = "sha256:71bf6daef5ed2e889416c7f422ced533043cf8ff4d95720ecdcff3c69024ddf4"
url = "https://github.com/tuist/tuist/releases/download/4.160.3/tuist-linux-x86_64.tar.gz"

[tools.tuist."platforms.macos-arm64"]
checksum = "sha256:7aba56d014cc59af1d19f59769fc8783e11c11fa8a4365ec5b142255de4aa3fe"
url = "https://github.com/tuist/tuist/releases/download/4.160.3/tuist.zip"

[tools.tuist."platforms.macos-x64"]
checksum = "sha256:7aba56d014cc59af1d19f59769fc8783e11c11fa8a4365ec5b142255de4aa3fe"
url = "https://github.com/tuist/tuist/releases/download/4.160.3/tuist.zip"
