# @generated - this file is auto-generated by `mise lock` https://mise.jdx.dev/dev-tools/mise-lock.html

[[tools.cargo-binstall]]
version = "1.17.8"
backend = "aqua:cargo-bins/cargo-binstall"

[[tools."cargo:ryl"]]
version = "0.4.1"
backend = "cargo:ryl"

[[tools.hk]]
version = "1.40.0"
backend = "aqua:jdx/hk"

[tools.hk."platforms.linux-arm64"]
checksum = "sha256:f6f4a0f9a55a51d8b98ae9fc0e3dff704ec9b4b842d4978dd433e6158c7d5d9f"
url = "https://github.com/jdx/hk/releases/download/v1.40.0/hk-aarch64-unknown-linux-gnu.tar.gz"

[tools.hk."platforms.linux-arm64-musl"]
checksum = "sha256:f6f4a0f9a55a51d8b98ae9fc0e3dff704ec9b4b842d4978dd433e6158c7d5d9f"
url = "https://github.com/jdx/hk/releases/download/v1.40.0/hk-aarch64-unknown-linux-gnu.tar.gz"

[tools.hk."platforms.linux-x64"]
checksum = "sha256:5feb9eab6b8539aba09ed73eb49d4e01b3a56471172c14212d0b649ed2c16142"
url = "https://github.com/jdx/hk/releases/download/v1.40.0/hk-x86_64-unknown-linux-gnu.tar.gz"

[tools.hk."platforms.linux-x64-musl"]
checksum = "sha256:5feb9eab6b8539aba09ed73eb49d4e01b3a56471172c14212d0b649ed2c16142"
url = "https://github.com/jdx/hk/releases/download/v1.40.0/hk-x86_64-unknown-linux-gnu.tar.gz"

[tools.hk."platforms.macos-arm64"]
checksum = "sha256:7a6d77e41868a01edc8511e13235d6b8a9017975dba1f5383b12b7c33ca4278e"
url = "https://github.com/jdx/hk/releases/download/v1.40.0/hk-aarch64-apple-darwin.tar.gz"

[tools.hk."platforms.windows-x64"]
checksum = "sha256:2d177c1ac965a7c7843c2849c0eb5fe5c3bb2a560a3c1b67afdb8a62b416d27a"
url = "https://github.com/jdx/hk/releases/download/v1.40.0/hk-x86_64-pc-windows-msvc.zip"

[[tools.just]]
version = "1.48.1"
backend = "aqua:casey/just"

[[tools.node]]
version = "24.14.1"
backend = "core:node"

[tools.node."platforms.linux-arm64"]
checksum = "sha256:734ff04fa7f8ed2e8a78d40cacf5ac3fc4515dac2858757cbab313eb483ba8a2"
url = "https://nodejs.org/dist/v24.14.1/node-v24.14.1-linux-arm64.tar.gz"

[tools.node."platforms.linux-arm64-musl"]
checksum = "sha256:734ff04fa7f8ed2e8a78d40cacf5ac3fc4515dac2858757cbab313eb483ba8a2"
url = "https://nodejs.org/dist/v24.14.1/node-v24.14.1-linux-arm64.tar.gz"

[tools.node."platforms.linux-x64"]
checksum = "sha256:ace9fa104992ed0829642629c46ca7bd7fd6e76278cb96c958c4b387d29658ea"
url = "https://nodejs.org/dist/v24.14.1/node-v24.14.1-linux-x64.tar.gz"

[tools.node."platforms.linux-x64-musl"]
checksum = "sha256:ace9fa104992ed0829642629c46ca7bd7fd6e76278cb96c958c4b387d29658ea"
url = "https://nodejs.org/dist/v24.14.1/node-v24.14.1-linux-x64.tar.gz"

[tools.node."platforms.macos-arm64"]
checksum = "sha256:25495ff85bd89e2d8a24d88566d7e2f827c6b0d3d872b2cebf75371f93fcb1fe"
url = "https://nodejs.org/dist/v24.14.1/node-v24.14.1-darwin-arm64.tar.gz"

[tools.node."platforms.macos-x64"]
checksum = "sha256:2526230ad7d922be82d4fdb1e7ee1e84303e133e3b4b0ec4c2897ab31de0253d"
url = "https://nodejs.org/dist/v24.14.1/node-v24.14.1-darwin-x64.tar.gz"

[tools.node."platforms.windows-x64"]
checksum = "sha256:6e50ce5498c0cebc20fd39ab3ff5df836ed2f8a31aa093cecad8497cff126d70"
url = "https://nodejs.org/dist/v24.14.1/node-v24.14.1-win-x64.zip"

[[tools."npm:prettier"]]
version = "3.8.1"
backend = "npm:prettier"

[[tools."pipx:isort"]]
version = "8.0.1"
backend = "pipx:isort"

[[tools.pkl]]
version = "0.31.1"
backend = "aqua:apple/pkl"

[[tools.python]]
version = "3.14.3"
backend = "core:python"

[[tools.ruff]]
version = "0.15.8"
backend = "aqua:astral-sh/ruff"

[[tools.rumdl]]
version = "0.1.64"
backend = "github:rvben/rumdl"

[tools.rumdl."platforms.linux-arm64"]
checksum = "sha256:638c65d6825457f3fc4ecc05ece58efceca579ceb5ac5ccf82829cabc93657eb"
url = "https://github.com/rvben/rumdl/releases/download/v0.1.64/rumdl-v0.1.64-aarch64-unknown-linux-gnu.tar.gz"
url_api = "https://api.github.com/repos/rvben/rumdl/releases/assets/385779913"

[tools.rumdl."platforms.linux-arm64-musl"]
checksum = "sha256:e006c42596c362b69efeb9c39f051fa860ab6d806d4729d88f9457cc5f28451e"
url = "https://github.com/rvben/rumdl/releases/download/v0.1.64/rumdl-v0.1.64-aarch64-unknown-linux-musl.tar.gz"
url_api = "https://api.github.com/repos/rvben/rumdl/releases/assets/385779910"

[tools.rumdl."platforms.linux-x64"]
checksum = "sha256:4f31738056b03591528ab1939b953089b4acae10c77065fa7c03785eac3913e2"
url = "https://github.com/rvben/rumdl/releases/download/v0.1.64/rumdl-v0.1.64-x86_64-unknown-linux-gnu.tar.gz"
url_api = "https://api.github.com/repos/rvben/rumdl/releases/assets/385779919"

[tools.rumdl."platforms.linux-x64-musl"]
checksum = "sha256:691611c6e9b04655a752a52686f0d3d5a88c89c3eaa066a6099473e331e6919c"
url = "https://github.com/rvben/rumdl/releases/download/v0.1.64/rumdl-v0.1.64-x86_64-unknown-linux-musl.tar.gz"
url_api = "https://api.github.com/repos/rvben/rumdl/releases/assets/385779918"

[tools.rumdl."platforms.macos-arm64"]
checksum = "sha256:59d4f8af4957a9b68509b84a84c27f084dfd9f3be32781a42e1d2ebed725c8f3"
url = "https://github.com/rvben/rumdl/releases/download/v0.1.64/rumdl-v0.1.64-aarch64-apple-darwin.tar.gz"
url_api = "https://api.github.com/repos/rvben/rumdl/releases/assets/385779917"

[tools.rumdl."platforms.macos-x64"]
checksum = "sha256:b3efcb0edc586f6fba9087a743e56ce924e808c72b3f8d638676fc12ecea3ba7"
url = "https://github.com/rvben/rumdl/releases/download/v0.1.64/rumdl-v0.1.64-x86_64-apple-darwin.tar.gz"
url_api = "https://api.github.com/repos/rvben/rumdl/releases/assets/385779911"

[tools.rumdl."platforms.windows-x64"]
checksum = "sha256:c53059fc286db0571ed3bad73fcf6e0b3553d6556fd43f556037928d9a23e072"
url = "https://github.com/rvben/rumdl/releases/download/v0.1.64/rumdl-v0.1.64-x86_64-pc-windows-msvc.zip"
url_api = "https://api.github.com/repos/rvben/rumdl/releases/assets/385779922"

[[tools.rust]]
version = "stable"
backend = "core:rust"

[[tools.shellcheck]]
version = "0.11.0"
backend = "aqua:koalaman/shellcheck"

[[tools.shfmt]]
version = "3.13.0"
backend = "aqua:mvdan/sh"

[[tools.swift]]
version = "6.2.4"
backend = "core:swift"

[tools.swift."platforms.macos-arm64"]
checksum = "blake3:1c7e63667c164284d5bcf98dbd1fd66d25f3bafba9f952f1e2c890c6beeb06cc"

[[tools.swiftlint]]
version = "0.63.2"
backend = "aqua:realm/SwiftLint"

[tools.swiftlint."platforms.linux-arm64"]
checksum = "sha256:104dedff762157f5cff7752f1cc2a289b60f3ea677e72d651c6f3a3287fdd948"
url = "https://github.com/realm/SwiftLint/releases/download/0.63.2/swiftlint_linux_arm64.zip"

[tools.swiftlint."platforms.linux-arm64-musl"]
checksum = "sha256:104dedff762157f5cff7752f1cc2a289b60f3ea677e72d651c6f3a3287fdd948"
url = "https://github.com/realm/SwiftLint/releases/download/0.63.2/swiftlint_linux_arm64.zip"

[tools.swiftlint."platforms.linux-x64"]
checksum = "sha256:dd1017cfd20a1457f264590bcb5875a6ee06cd75b9a9d4f77cd43a552499143b"
url = "https://github.com/realm/SwiftLint/releases/download/0.63.2/swiftlint_linux_amd64.zip"

[tools.swiftlint."platforms.linux-x64-musl"]
checksum = "sha256:dd1017cfd20a1457f264590bcb5875a6ee06cd75b9a9d4f77cd43a552499143b"
url = "https://github.com/realm/SwiftLint/releases/download/0.63.2/swiftlint_linux_amd64.zip"

[tools.swiftlint."platforms.macos-arm64"]
checksum = "sha256:c59a405c85f95b92ced677a500804e081596a4cae4a6a485af76065557d6ed29"
url = "https://github.com/realm/SwiftLint/releases/download/0.63.2/portable_swiftlint.zip"

[tools.swiftlint."platforms.macos-x64"]
checksum = "sha256:c59a405c85f95b92ced677a500804e081596a4cae4a6a485af76065557d6ed29"
url = "https://github.com/realm/SwiftLint/releases/download/0.63.2/portable_swiftlint.zip"

[[tools.tuist]]
version = "4.174.1"
backend = "aqua:tuist/tuist"

[tools.tuist."platforms.linux-arm64"]
checksum = "sha256:ffb7f2df6cf2ae8e2f08b4ec3804c4fbad9e230b0d45281a137e15171b26b2f7"
url = "https://github.com/tuist/tuist/releases/download/4.174.1/tuist-linux-aarch64.tar.gz"

[tools.tuist."platforms.linux-arm64-musl"]
checksum = "sha256:ffb7f2df6cf2ae8e2f08b4ec3804c4fbad9e230b0d45281a137e15171b26b2f7"
url = "https://github.com/tuist/tuist/releases/download/4.174.1/tuist-linux-aarch64.tar.gz"

[tools.tuist."platforms.linux-x64"]
checksum = "sha256:09cb83fdd43176cd48807594243b71f983305d1bd6093c2c5d79b2860fd20a2c"
url = "https://github.com/tuist/tuist/releases/download/4.174.1/tuist-linux-x86_64.tar.gz"

[tools.tuist."platforms.linux-x64-musl"]
checksum = "sha256:09cb83fdd43176cd48807594243b71f983305d1bd6093c2c5d79b2860fd20a2c"
url = "https://github.com/tuist/tuist/releases/download/4.174.1/tuist-linux-x86_64.tar.gz"

[tools.tuist."platforms.macos-arm64"]
checksum = "sha256:5e3999ec8d05397216338f2edf2b6ffa30159760be627b0f137a30d85fdc0043"
url = "https://github.com/tuist/tuist/releases/download/4.174.1/tuist.zip"

[tools.tuist."platforms.macos-x64"]
checksum = "sha256:5e3999ec8d05397216338f2edf2b6ffa30159760be627b0f137a30d85fdc0043"
url = "https://github.com/tuist/tuist/releases/download/4.174.1/tuist.zip"

[[tools.uv]]
version = "0.11.3"
backend = "aqua:astral-sh/uv"

[tools.uv."platforms.linux-arm64"]
checksum = "sha256:8ecec82cb9a744d5fabff6d16d7777218a7730f699d2aa0d2f751c17858e2efa"
url = "https://github.com/astral-sh/uv/releases/download/0.11.3/uv-aarch64-unknown-linux-musl.tar.gz"

[tools.uv."platforms.linux-arm64-musl"]
checksum = "sha256:8ecec82cb9a744d5fabff6d16d7777218a7730f699d2aa0d2f751c17858e2efa"
url = "https://github.com/astral-sh/uv/releases/download/0.11.3/uv-aarch64-unknown-linux-musl.tar.gz"

[tools.uv."platforms.linux-x64"]
checksum = "sha256:8b40cf16b849634b81a530a3d0a0bcae5f24996ef9ae782976fd69b6266d3b8e"
url = "https://github.com/astral-sh/uv/releases/download/0.11.3/uv-x86_64-unknown-linux-musl.tar.gz"

[tools.uv."platforms.linux-x64-musl"]
checksum = "sha256:8b40cf16b849634b81a530a3d0a0bcae5f24996ef9ae782976fd69b6266d3b8e"
url = "https://github.com/astral-sh/uv/releases/download/0.11.3/uv-x86_64-unknown-linux-musl.tar.gz"

[tools.uv."platforms.macos-arm64"]
checksum = "sha256:2bc3d0c7bf2bd08325b1e170abac6f7e5b3346e1d4eab3370d17cefec934996f"
url = "https://github.com/astral-sh/uv/releases/download/0.11.3/uv-aarch64-apple-darwin.tar.gz"

[tools.uv."platforms.macos-x64"]
checksum = "sha256:b0e05e0b43a000fdc2132ee3f3400ba5dee427bc2337d3ec4eb8cf4f3d5722af"
url = "https://github.com/astral-sh/uv/releases/download/0.11.3/uv-x86_64-apple-darwin.tar.gz"

[tools.uv."platforms.windows-x64"]
checksum = "sha256:ae681c0aaec7cc96af184648cb88d73f8393ed60fa5880abdd6bdb910f9b227c"
url = "https://github.com/astral-sh/uv/releases/download/0.11.3/uv-x86_64-pc-windows-msvc.zip"
