// !$*UTF8*$!
{
	archiveVersion = 1;
	classes = {
	};
	objectVersion = 77;
	objects = {

/* Begin PBXBuildFile section */
		24897D7C8494351FBEFDAA36 /* FastVLM.framework in Frameworks */ = {isa = PBXBuildFile; fileRef = 9C413ED52F6A7D4B003C2190 /* FastVLM.framework */; };
		9C413EDD2F6A7D4B003C2190 /* FastVLM.framework in Frameworks */ = {isa = PBXBuildFile; fileRef = 9C413ED52F6A7D4B003C2190 /* FastVLM.framework */; };
		9C413EDE2F6A7D4B003C2190 /* FastVLM.framework in Embed Frameworks */ = {isa = PBXBuildFile; fileRef = 9C413ED52F6A7D4B003C2190 /* FastVLM.framework */; settings = {ATTRIBUTES = (CodeSignOnCopy, RemoveHeadersOnCopy, ); }; };
		9C413EF12F6A7E75003C2190 /* MLXNN in Frameworks */ = {isa = PBXBuildFile; productRef = 9C413EF02F6A7E75003C2190 /* MLXNN */; };
		9C413EF32F6A7E7C003C2190 /* MLXLMCommon in Frameworks */ = {isa = PBXBuildFile; productRef = 9C413EF22F6A7E7C003C2190 /* MLXLMCommon */; };
		9C413EF52F6A7E84003C2190 /* Transformers in Frameworks */ = {isa = PBXBuildFile; productRef = 9C413EF42F6A7E84003C2190 /* Transformers */; };
		9C413EF72F6A7E8A003C2190 /* MLXVLM in Frameworks */ = {isa = PBXBuildFile; productRef = 9C413EF62F6A7E8A003C2190 /* MLXVLM */; };
		9C413EFB2F6A7EA1003C2190 /* MLX in Frameworks */ = {isa = PBXBuildFile; productRef = 9C413EFA2F6A7EA1003C2190 /* MLX */; };
		9C413EFD2F6A7EAA003C2190 /* MLXFast in Frameworks */ = {isa = PBXBuildFile; productRef = 9C413EFC2F6A7EAA003C2190 /* MLXFast */; };
		9C413F392F6A8058003C2190 /* MLXRandom in Frameworks */ = {isa = PBXBuildFile; productRef = 9C413F382F6A8058003C2190 /* MLXRandom */; };
		9C413F482F6A8503003C2190 /* MLXLMCommon in Frameworks */ = {isa = PBXBuildFile; productRef = FA5700030000000000000002 /* MLXLMCommon */; };
		9C413F492F6A8503003C2190 /* MLXNN in Frameworks */ = {isa = PBXBuildFile; productRef = FA5700030000000000000004 /* MLXNN */; };
		9C413F4A2F6A8503003C2190 /* MLXFast in Frameworks */ = {isa = PBXBuildFile; productRef = FA5700030000000000000005 /* MLXFast */; };
		9C413F4B2F6A8503003C2190 /* Transformers in Frameworks */ = {isa = PBXBuildFile; productRef = FA5700030000000000000006 /* Transformers */; };
		FA5700010000000000000001 /* MLX in Frameworks */ = {isa = PBXBuildFile; productRef = FA5700030000000000000001 /* MLX */; };
		FA5700010000000000000003 /* MLXVLM in Frameworks */ = {isa = PBXBuildFile; productRef = FA5700030000000000000003 /* MLXVLM */; };
/* End PBXBuildFile section */

/* Begin PBXContainerItemProxy section */
		3136CF2D2B3473AAE7A43E85 /* PBXContainerItemProxy */ = {
			isa = PBXContainerItemProxy;
			containerPortal = 9C56E19E2F4CFA900069962F /* Project object */;
			proxyType = 1;
			remoteGlobalIDString = 9C413ED42F6A7D4B003C2190;
			remoteInfo = FastVLM;
		};
		9C413EDB2F6A7D4B003C2190 /* PBXContainerItemProxy */ = {
			isa = PBXContainerItemProxy;
			containerPortal = 9C56E19E2F4CFA900069962F /* Project object */;
			proxyType = 1;
			remoteGlobalIDString = 9C413ED42F6A7D4B003C2190;
			remoteInfo = FastVLM;
		};
		9C56E1B82F4CFA910069962F /* PBXContainerItemProxy */ = {
			isa = PBXContainerItemProxy;
			containerPortal = 9C56E19E2F4CFA900069962F /* Project object */;
			proxyType = 1;
			remoteGlobalIDString = 9C56E1A52F4CFA900069962F;
			remoteInfo = Sunclub;
		};
		9C56E1C22F4CFA910069962F /* PBXContainerItemProxy */ = {
			isa = PBXContainerItemProxy;
			containerPortal = 9C56E19E2F4CFA900069962F /* Project object */;
			proxyType = 1;
			remoteGlobalIDString = 9C56E1A52F4CFA900069962F;
			remoteInfo = Sunclub;
		};
/* End PBXContainerItemProxy section */

/* Begin PBXCopyFilesBuildPhase section */
		9C413EE22F6A7D4B003C2190 /* Embed Frameworks */ = {
			isa = PBXCopyFilesBuildPhase;
			buildActionMask = 2147483647;
			dstPath = "";
			dstSubfolderSpec = 10;
			files = (
				9C413EDE2F6A7D4B003C2190 /* FastVLM.framework in Embed Frameworks */,
			);
			name = "Embed Frameworks";
			runOnlyForDeploymentPostprocessing = 0;
		};
/* End PBXCopyFilesBuildPhase section */

/* Begin PBXFileReference section */
		41E1BB6C55660EA792737F6D /* FastVLMTests.xctest */ = {isa = PBXFileReference; explicitFileType = wrapper.cfbundle; includeInIndex = 0; path = FastVLMTests.xctest; sourceTree = BUILT_PRODUCTS_DIR; };
		9C413ED52F6A7D4B003C2190 /* FastVLM.framework */ = {isa = PBXFileReference; explicitFileType = wrapper.framework; includeInIndex = 0; path = FastVLM.framework; sourceTree = BUILT_PRODUCTS_DIR; };
		9C56E1A62F4CFA900069962F /* Sunclub.app */ = {isa = PBXFileReference; explicitFileType = wrapper.application; includeInIndex = 0; path = Sunclub.app; sourceTree = BUILT_PRODUCTS_DIR; };
		9C56E1B72F4CFA910069962F /* SunclubTests.xctest */ = {isa = PBXFileReference; explicitFileType = wrapper.cfbundle; includeInIndex = 0; path = SunclubTests.xctest; sourceTree = BUILT_PRODUCTS_DIR; };
		9C56E1C12F4CFA910069962F /* SunclubUITests.xctest */ = {isa = PBXFileReference; explicitFileType = wrapper.cfbundle; includeInIndex = 0; path = SunclubUITests.xctest; sourceTree = BUILT_PRODUCTS_DIR; };
		E305D6CB9AB5BB7D944BE492 /* Foundation.framework */ = {isa = PBXFileReference; lastKnownFileType = wrapper.framework; name = Foundation.framework; path = Platforms/iPhoneOS.platform/Developer/SDKs/iPhoneOS18.0.sdk/System/Library/Frameworks/Foundation.framework; sourceTree = DEVELOPER_DIR; };
/* End PBXFileReference section */

/* Begin PBXFileSystemSynchronizedBuildFileExceptionSet section */
		9C56E1C92F4CFA910069962F /* Exceptions for "Sunclub" folder in "Sunclub" target */ = {
			isa = PBXFileSystemSynchronizedBuildFileExceptionSet;
			membershipExceptions = (
				Info.plist,
				StoreKit/README.md,
			);
			target = 9C56E1A52F4CFA900069962F /* Sunclub */;
		};
		9CB1114B2F6B50F300FAF508 /* Exceptions for "FastVLM" folder in "Sunclub" target */ = {
			isa = PBXFileSystemSynchronizedBuildFileExceptionSet;
			membershipExceptions = (
				.gitignore,
				FastVLM.swift,
				MediaProcessingExtensions.swift,
				model/added_tokens.json,
				model/config.json,
				model/fastvithd.mlpackage,
				model/merges.txt,
				model/model.safetensors,
				model/model.safetensors.index.json,
				model/preprocessor_config.json,
				model/processor_config.json,
				model/special_tokens_map.json,
				model/tokenizer_config.json,
				model/tokenizer.json,
				model/vocab.json,
				README.md,
			);
			target = 9C56E1A52F4CFA900069962F /* Sunclub */;
		};
		9CB1114C2F6B50F300FAF508 /* Exceptions for "FastVLM" folder in "FastVLM" target */ = {
			isa = PBXFileSystemSynchronizedBuildFileExceptionSet;
			membershipExceptions = (
				FastVLM.h,
				FastVLM.swift,
				MediaProcessingExtensions.swift,
				model/added_tokens.json,
				model/config.json,
				model/fastvithd.mlpackage,
				model/merges.txt,
				model/model.safetensors,
				model/model.safetensors.index.json,
				model/preprocessor_config.json,
				model/processor_config.json,
				model/special_tokens_map.json,
				model/tokenizer_config.json,
				model/tokenizer.json,
				model/vocab.json,
			);
			publicHeaders = (
				FastVLM.h,
			);
			target = 9C413ED42F6A7D4B003C2190 /* FastVLM */;
		};
/* End PBXFileSystemSynchronizedBuildFileExceptionSet section */

/* Begin PBXFileSystemSynchronizedRootGroup section */
		9C56E1A82F4CFA900069962F /* Sunclub */ = {
			isa = PBXFileSystemSynchronizedRootGroup;
			exceptions = (
				9C56E1C92F4CFA910069962F /* Exceptions for "Sunclub" folder in "Sunclub" target */,
			);
			path = Sunclub;
			sourceTree = "<group>";
		};
		9C56E1BA2F4CFA910069962F /* SunclubTests */ = {
			isa = PBXFileSystemSynchronizedRootGroup;
			path = SunclubTests;
			sourceTree = "<group>";
		};
		9C56E1C42F4CFA910069962F /* SunclubUITests */ = {
			isa = PBXFileSystemSynchronizedRootGroup;
			path = SunclubUITests;
			sourceTree = "<group>";
		};
		9CB1113B2F6B50F300FAF508 /* FastVLM */ = {
			isa = PBXFileSystemSynchronizedRootGroup;
			exceptions = (
				9CB1114B2F6B50F300FAF508 /* Exceptions for "FastVLM" folder in "Sunclub" target */,
				9CB1114C2F6B50F300FAF508 /* Exceptions for "FastVLM" folder in "FastVLM" target */,
			);
			path = FastVLM;
			sourceTree = "<group>";
		};
		F20B4FA312AC8DA44B05B58B /* FastVLMTests */ = {
			isa = PBXFileSystemSynchronizedRootGroup;
			path = FastVLMTests;
			sourceTree = "<group>";
		};
/* End PBXFileSystemSynchronizedRootGroup section */

/* Begin PBXFrameworksBuildPhase section */
		00F3B2F84255335C80A27E6E /* Frameworks */ = {
			isa = PBXFrameworksBuildPhase;
			buildActionMask = 2147483647;
			files = (
				24897D7C8494351FBEFDAA36 /* FastVLM.framework in Frameworks */,
			);
			runOnlyForDeploymentPostprocessing = 0;
		};
		9C413ED22F6A7D4B003C2190 /* Frameworks */ = {
			isa = PBXFrameworksBuildPhase;
			buildActionMask = 2147483647;
			files = (
				9C413EFD2F6A7EAA003C2190 /* MLXFast in Frameworks */,
				9C413EFB2F6A7EA1003C2190 /* MLX in Frameworks */,
				9C413EF52F6A7E84003C2190 /* Transformers in Frameworks */,
				9C413EF32F6A7E7C003C2190 /* MLXLMCommon in Frameworks */,
				9C413EF72F6A7E8A003C2190 /* MLXVLM in Frameworks */,
				9C413EF12F6A7E75003C2190 /* MLXNN in Frameworks */,
			);
			runOnlyForDeploymentPostprocessing = 0;
		};
		9C56E1A32F4CFA900069962F /* Frameworks */ = {
			isa = PBXFrameworksBuildPhase;
			buildActionMask = 2147483647;
			files = (
				9C413F4B2F6A8503003C2190 /* Transformers in Frameworks */,
				9C413F4A2F6A8503003C2190 /* MLXFast in Frameworks */,
				9C413F492F6A8503003C2190 /* MLXNN in Frameworks */,
				9C413F482F6A8503003C2190 /* MLXLMCommon in Frameworks */,
				9C413EDD2F6A7D4B003C2190 /* FastVLM.framework in Frameworks */,
				9C413F392F6A8058003C2190 /* MLXRandom in Frameworks */,
				FA5700010000000000000001 /* MLX in Frameworks */,
				FA5700010000000000000003 /* MLXVLM in Frameworks */,
			);
			runOnlyForDeploymentPostprocessing = 0;
		};
		9C56E1B42F4CFA910069962F /* Frameworks */ = {
			isa = PBXFrameworksBuildPhase;
			buildActionMask = 2147483647;
			files = (
			);
			runOnlyForDeploymentPostprocessing = 0;
		};
		9C56E1BE2F4CFA910069962F /* Frameworks */ = {
			isa = PBXFrameworksBuildPhase;
			buildActionMask = 2147483647;
			files = (
			);
			runOnlyForDeploymentPostprocessing = 0;
		};
/* End PBXFrameworksBuildPhase section */

/* Begin PBXGroup section */
		3C45FBCB8FBC7FA1FA258D64 /* iOS */ = {
			isa = PBXGroup;
			children = (
				E305D6CB9AB5BB7D944BE492 /* Foundation.framework */,
			);
			name = iOS;
			sourceTree = "<group>";
		};
		9C413EEF2F6A7E75003C2190 /* Frameworks */ = {
			isa = PBXGroup;
			children = (
				3C45FBCB8FBC7FA1FA258D64 /* iOS */,
			);
			name = Frameworks;
			sourceTree = "<group>";
		};
		9C56E19D2F4CFA900069962F = {
			isa = PBXGroup;
			children = (
				9CB1113B2F6B50F300FAF508 /* FastVLM */,
				9C56E1A82F4CFA900069962F /* Sunclub */,
				9C56E1BA2F4CFA910069962F /* SunclubTests */,
				F20B4FA312AC8DA44B05B58B /* FastVLMTests */,
				9C56E1C42F4CFA910069962F /* SunclubUITests */,
				9C413EEF2F6A7E75003C2190 /* Frameworks */,
				9C56E1A72F4CFA900069962F /* Products */,
			);
			sourceTree = "<group>";
		};
		9C56E1A72F4CFA900069962F /* Products */ = {
			isa = PBXGroup;
			children = (
				9C56E1A62F4CFA900069962F /* Sunclub.app */,
				9C56E1B72F4CFA910069962F /* SunclubTests.xctest */,
				9C56E1C12F4CFA910069962F /* SunclubUITests.xctest */,
				9C413ED52F6A7D4B003C2190 /* FastVLM.framework */,
				41E1BB6C55660EA792737F6D /* FastVLMTests.xctest */,
			);
			name = Products;
			sourceTree = "<group>";
		};
/* End PBXGroup section */

/* Begin PBXHeadersBuildPhase section */
		9C413ED02F6A7D4B003C2190 /* Headers */ = {
			isa = PBXHeadersBuildPhase;
			buildActionMask = 2147483647;
			files = (
			);
			runOnlyForDeploymentPostprocessing = 0;
		};
/* End PBXHeadersBuildPhase section */

/* Begin PBXNativeTarget section */
		73E53E20296C07F003D106EE /* FastVLMTests */ = {
			isa = PBXNativeTarget;
			buildConfigurationList = A755A259FAFC251EC76B8DDA /* Build configuration list for PBXNativeTarget "FastVLMTests" */;
			buildPhases = (
				7A7A861DCC56DDF7053E2646 /* Sources */,
				00F3B2F84255335C80A27E6E /* Frameworks */,
				E0827BB042194D2656AE0CDC /* Resources */,
			);
			buildRules = (
			);
			dependencies = (
				00C1AB378573C565287682BB /* PBXTargetDependency */,
			);
			fileSystemSynchronizedGroups = (
				F20B4FA312AC8DA44B05B58B /* FastVLMTests */,
			);
			name = FastVLMTests;
			productName = FastVLMTests;
			productReference = 41E1BB6C55660EA792737F6D /* FastVLMTests.xctest */;
			productType = "com.apple.product-type.bundle.unit-test";
		};
		9C413ED42F6A7D4B003C2190 /* FastVLM */ = {
			isa = PBXNativeTarget;
			buildConfigurationList = 9C413EDF2F6A7D4B003C2190 /* Build configuration list for PBXNativeTarget "FastVLM" */;
			buildPhases = (
				9C413ED02F6A7D4B003C2190 /* Headers */,
				9C413ED12F6A7D4B003C2190 /* Sources */,
				9C413ED22F6A7D4B003C2190 /* Frameworks */,
				9C413ED32F6A7D4B003C2190 /* Resources */,
			);
			buildRules = (
			);
			dependencies = (
			);
			name = FastVLM;
			packageProductDependencies = (
				9C413EF02F6A7E75003C2190 /* MLXNN */,
				9C413EF22F6A7E7C003C2190 /* MLXLMCommon */,
				9C413EF42F6A7E84003C2190 /* Transformers */,
				9C413EF62F6A7E8A003C2190 /* MLXVLM */,
				9C413EFA2F6A7EA1003C2190 /* MLX */,
				9C413EFC2F6A7EAA003C2190 /* MLXFast */,
			);
			productName = FastVLM;
			productReference = 9C413ED52F6A7D4B003C2190 /* FastVLM.framework */;
			productType = "com.apple.product-type.framework";
		};
		9C56E1A52F4CFA900069962F /* Sunclub */ = {
			isa = PBXNativeTarget;
			buildConfigurationList = 9C56E1CA2F4CFA910069962F /* Build configuration list for PBXNativeTarget "Sunclub" */;
			buildPhases = (
				9C56E1A22F4CFA900069962F /* Sources */,
				9C56E1A32F4CFA900069962F /* Frameworks */,
				9C56E1A42F4CFA900069962F /* Resources */,
				9C413EE22F6A7D4B003C2190 /* Embed Frameworks */,
			);
			buildRules = (
			);
			dependencies = (
				9C413EDC2F6A7D4B003C2190 /* PBXTargetDependency */,
			);
			fileSystemSynchronizedGroups = (
				9C56E1A82F4CFA900069962F /* Sunclub */,
				9CB1113B2F6B50F300FAF508 /* FastVLM */,
			);
			name = Sunclub;
			packageProductDependencies = (
				FA5700030000000000000001 /* MLX */,
				FA5700030000000000000002 /* MLXLMCommon */,
				FA5700030000000000000003 /* MLXVLM */,
				FA5700030000000000000004 /* MLXNN */,
				FA5700030000000000000005 /* MLXFast */,
				FA5700030000000000000006 /* Transformers */,
				9C413F382F6A8058003C2190 /* MLXRandom */,
			);
			productName = Sunclub;
			productReference = 9C56E1A62F4CFA900069962F /* Sunclub.app */;
			productType = "com.apple.product-type.application";
		};
		9C56E1B62F4CFA910069962F /* SunclubTests */ = {
			isa = PBXNativeTarget;
			buildConfigurationList = 9C56E1CF2F4CFA910069962F /* Build configuration list for PBXNativeTarget "SunclubTests" */;
			buildPhases = (
				9C56E1B32F4CFA910069962F /* Sources */,
				9C56E1B42F4CFA910069962F /* Frameworks */,
				9C56E1B52F4CFA910069962F /* Resources */,
			);
			buildRules = (
			);
			dependencies = (
				9C56E1B92F4CFA910069962F /* PBXTargetDependency */,
			);
			fileSystemSynchronizedGroups = (
				9C56E1BA2F4CFA910069962F /* SunclubTests */,
			);
			name = SunclubTests;
			productName = SunclubTests;
			productReference = 9C56E1B72F4CFA910069962F /* SunclubTests.xctest */;
			productType = "com.apple.product-type.bundle.unit-test";
		};
		9C56E1C02F4CFA910069962F /* SunclubUITests */ = {
			isa = PBXNativeTarget;
			buildConfigurationList = 9C56E1D22F4CFA910069962F /* Build configuration list for PBXNativeTarget "SunclubUITests" */;
			buildPhases = (
				9C56E1BD2F4CFA910069962F /* Sources */,
				9C56E1BE2F4CFA910069962F /* Frameworks */,
				9C56E1BF2F4CFA910069962F /* Resources */,
			);
			buildRules = (
			);
			dependencies = (
				9C56E1C32F4CFA910069962F /* PBXTargetDependency */,
			);
			fileSystemSynchronizedGroups = (
				9C56E1C42F4CFA910069962F /* SunclubUITests */,
			);
			name = SunclubUITests;
			productName = SunclubUITests;
			productReference = 9C56E1C12F4CFA910069962F /* SunclubUITests.xctest */;
			productType = "com.apple.product-type.bundle.ui-testing";
		};
/* End PBXNativeTarget section */

/* Begin PBXProject section */
		9C56E19E2F4CFA900069962F /* Project object */ = {
			isa = PBXProject;
			attributes = {
				BuildIndependentTargetsInParallel = 1;
				LastSwiftUpdateCheck = 2630;
				LastUpgradeCheck = 2640;
				TargetAttributes = {
					73E53E20296C07F003D106EE = {
						CreatedOnToolsVersion = 26.3;
						TestTargetID = 9C413ED42F6A7D4B003C2190;
					};
					9C413ED42F6A7D4B003C2190 = {
						CreatedOnToolsVersion = 26.3;
					};
					9C56E1A52F4CFA900069962F = {
						CreatedOnToolsVersion = 26.3;
					};
					9C56E1B62F4CFA910069962F = {
						CreatedOnToolsVersion = 26.3;
						TestTargetID = 9C56E1A52F4CFA900069962F;
					};
					9C56E1C02F4CFA910069962F = {
						CreatedOnToolsVersion = 26.3;
						TestTargetID = 9C56E1A52F4CFA900069962F;
					};
				};
			};
			buildConfigurationList = 9C56E1A12F4CFA900069962F /* Build configuration list for PBXProject "Sunclub" */;
			developmentRegion = en;
			hasScannedForEncodings = 0;
			knownRegions = (
				en,
				Base,
			);
			mainGroup = 9C56E19D2F4CFA900069962F;
			minimizedProjectReferenceProxies = 1;
			packageReferences = (
				FA5700020000000000000001 /* XCRemoteSwiftPackageReference "mlx-swift-examples" */,
				FA5700020000000000000002 /* XCRemoteSwiftPackageReference "mlx-swift" */,
				FA5700020000000000000003 /* XCRemoteSwiftPackageReference "swift-transformers" */,
			);
			preferredProjectObjectVersion = 77;
			productRefGroup = 9C56E1A72F4CFA900069962F /* Products */;
			projectDirPath = "";
			projectRoot = "";
			targets = (
				9C56E1A52F4CFA900069962F /* Sunclub */,
				9C56E1B62F4CFA910069962F /* SunclubTests */,
				9C56E1C02F4CFA910069962F /* SunclubUITests */,
				9C413ED42F6A7D4B003C2190 /* FastVLM */,
				73E53E20296C07F003D106EE /* FastVLMTests */,
			);
		};
/* End PBXProject section */

/* Begin PBXResourcesBuildPhase section */
		9C413ED32F6A7D4B003C2190 /* Resources */ = {
			isa = PBXResourcesBuildPhase;
			buildActionMask = 2147483647;
			files = (
			);
			runOnlyForDeploymentPostprocessing = 0;
		};
		9C56E1A42F4CFA900069962F /* Resources */ = {
			isa = PBXResourcesBuildPhase;
			buildActionMask = 2147483647;
			files = (
			);
			runOnlyForDeploymentPostprocessing = 0;
		};
		9C56E1B52F4CFA910069962F /* Resources */ = {
			isa = PBXResourcesBuildPhase;
			buildActionMask = 2147483647;
			files = (
			);
			runOnlyForDeploymentPostprocessing = 0;
		};
		9C56E1BF2F4CFA910069962F /* Resources */ = {
			isa = PBXResourcesBuildPhase;
			buildActionMask = 2147483647;
			files = (
			);
			runOnlyForDeploymentPostprocessing = 0;
		};
		E0827BB042194D2656AE0CDC /* Resources */ = {
			isa = PBXResourcesBuildPhase;
			buildActionMask = 2147483647;
			files = (
			);
			runOnlyForDeploymentPostprocessing = 0;
		};
/* End PBXResourcesBuildPhase section */

/* Begin PBXSourcesBuildPhase section */
		7A7A861DCC56DDF7053E2646 /* Sources */ = {
			isa = PBXSourcesBuildPhase;
			buildActionMask = 2147483647;
			files = (
			);
			runOnlyForDeploymentPostprocessing = 0;
		};
		9C413ED12F6A7D4B003C2190 /* Sources */ = {
			isa = PBXSourcesBuildPhase;
			buildActionMask = 2147483647;
			files = (
			);
			runOnlyForDeploymentPostprocessing = 0;
		};
		9C56E1A22F4CFA900069962F /* Sources */ = {
			isa = PBXSourcesBuildPhase;
			buildActionMask = 2147483647;
			files = (
			);
			runOnlyForDeploymentPostprocessing = 0;
		};
		9C56E1B32F4CFA910069962F /* Sources */ = {
			isa = PBXSourcesBuildPhase;
			buildActionMask = 2147483647;
			files = (
			);
			runOnlyForDeploymentPostprocessing = 0;
		};
		9C56E1BD2F4CFA910069962F /* Sources */ = {
			isa = PBXSourcesBuildPhase;
			buildActionMask = 2147483647;
			files = (
			);
			runOnlyForDeploymentPostprocessing = 0;
		};
/* End PBXSourcesBuildPhase section */

/* Begin PBXTargetDependency section */
		00C1AB378573C565287682BB /* PBXTargetDependency */ = {
			isa = PBXTargetDependency;
			name = FastVLM;
			target = 9C413ED42F6A7D4B003C2190 /* FastVLM */;
			targetProxy = 3136CF2D2B3473AAE7A43E85 /* PBXContainerItemProxy */;
		};
		9C413EDC2F6A7D4B003C2190 /* PBXTargetDependency */ = {
			isa = PBXTargetDependency;
			target = 9C413ED42F6A7D4B003C2190 /* FastVLM */;
			targetProxy = 9C413EDB2F6A7D4B003C2190 /* PBXContainerItemProxy */;
		};
		9C56E1B92F4CFA910069962F /* PBXTargetDependency */ = {
			isa = PBXTargetDependency;
			target = 9C56E1A52F4CFA900069962F /* Sunclub */;
			targetProxy = 9C56E1B82F4CFA910069962F /* PBXContainerItemProxy */;
		};
		9C56E1C32F4CFA910069962F /* PBXTargetDependency */ = {
			isa = PBXTargetDependency;
			platformFilters = (
				ios,
				macos,
			);
			target = 9C56E1A52F4CFA900069962F /* Sunclub */;
			targetProxy = 9C56E1C22F4CFA910069962F /* PBXContainerItemProxy */;
		};
/* End PBXTargetDependency section */

/* Begin XCBuildConfiguration section */
		5D6878627A28EDF8EF533E71 /* Debug */ = {
			isa = XCBuildConfiguration;
			buildSettings = {
				CLANG_ENABLE_OBJC_WEAK = NO;
				CODE_SIGN_STYLE = Automatic;
				CURRENT_PROJECT_VERSION = 1;
				DEVELOPMENT_TEAM = 3VDQ4656LX;
				GENERATE_INFOPLIST_FILE = YES;
				IPHONEOS_DEPLOYMENT_TARGET = 18.6;
				MARKETING_VERSION = 1.0;
				PRODUCT_BUNDLE_IDENTIFIER = app.peyton.sunclub.FastVLMTests;
				PRODUCT_NAME = FastVLMTests;
				SDKROOT = iphoneos;
				STRING_CATALOG_GENERATE_SYMBOLS = NO;
				SUPPORTED_PLATFORMS = "iphoneos iphonesimulator";
				SUPPORTS_MACCATALYST = NO;
				SUPPORTS_MAC_DESIGNED_FOR_IPHONE_IPAD = NO;
				SUPPORTS_XR_DESIGNED_FOR_IPHONE_IPAD = NO;
				SWIFT_APPROACHABLE_CONCURRENCY = YES;
				SWIFT_EMIT_LOC_STRINGS = NO;
				SWIFT_UPCOMING_FEATURE_MEMBER_IMPORT_VISIBILITY = YES;
				SWIFT_VERSION = 6.0;
				TARGETED_DEVICE_FAMILY = "1,2";
				TEST_TARGET_NAME = FastVLM;
			};
			name = Debug;
		};
		9C413EE02F6A7D4B003C2190 /* Debug */ = {
			isa = XCBuildConfiguration;
			buildSettings = {
				ALLOW_TARGET_PLATFORM_SPECIALIZATION = YES;
				BUILD_LIBRARY_FOR_DISTRIBUTION = NO;
				CODE_SIGN_STYLE = Automatic;
				CURRENT_PROJECT_VERSION = 1;
				DEVELOPMENT_TEAM = 3VDQ4656LX;
				DYLIB_COMPATIBILITY_VERSION = 1;
				DYLIB_CURRENT_VERSION = 1;
				DYLIB_INSTALL_NAME_BASE = "@rpath";
				ENABLE_MODULE_VERIFIER = YES;
				GENERATE_INFOPLIST_FILE = YES;
				INFOPLIST_KEY_NSHumanReadableCopyright = "";
				INSTALL_PATH = "$(LOCAL_LIBRARY_DIR)/Frameworks";
				IPHONEOS_DEPLOYMENT_TARGET = 18.6;
				LD_RUNPATH_SEARCH_PATHS = (
					"@executable_path/Frameworks",
					"@loader_path/Frameworks",
				);
				"LD_RUNPATH_SEARCH_PATHS[sdk=macosx*]" = (
					"@executable_path/../Frameworks",
					"@loader_path/Frameworks",
				);
				MACOSX_DEPLOYMENT_TARGET = 15.6;
				MARKETING_VERSION = 1.0;
				MODULE_VERIFIER_SUPPORTED_LANGUAGES = "objective-c objective-c++";
				MODULE_VERIFIER_SUPPORTED_LANGUAGE_STANDARDS = "gnu17 gnu++20";
				PRODUCT_BUNDLE_IDENTIFIER = app.peyton.sunclub.FastVLM;
				PRODUCT_NAME = "$(TARGET_NAME:c99extidentifier)";
				SDKROOT = auto;
				SKIP_INSTALL = YES;
				STRING_CATALOG_GENERATE_SYMBOLS = YES;
				SUPPORTED_PLATFORMS = "iphoneos iphonesimulator macosx xros xrsimulator";
				SWIFT_APPROACHABLE_CONCURRENCY = YES;
				SWIFT_EMIT_LOC_STRINGS = YES;
				SWIFT_INSTALL_MODULE = YES;
				SWIFT_INSTALL_OBJC_HEADER = NO;
				SWIFT_UPCOMING_FEATURE_MEMBER_IMPORT_VISIBILITY = YES;
				SWIFT_VERSION = 5.0;
				TARGETED_DEVICE_FAMILY = "1,2,7";
				VERSIONING_SYSTEM = "apple-generic";
				VERSION_INFO_PREFIX = "";
				XROS_DEPLOYMENT_TARGET = 2.6;
			};
			name = Debug;
		};
		9C413EE12F6A7D4B003C2190 /* Release */ = {
			isa = XCBuildConfiguration;
			buildSettings = {
				ALLOW_TARGET_PLATFORM_SPECIALIZATION = YES;
				BUILD_LIBRARY_FOR_DISTRIBUTION = NO;
				CODE_SIGN_STYLE = Automatic;
				CURRENT_PROJECT_VERSION = 1;
				DEVELOPMENT_TEAM = 3VDQ4656LX;
				DYLIB_COMPATIBILITY_VERSION = 1;
				DYLIB_CURRENT_VERSION = 1;
				DYLIB_INSTALL_NAME_BASE = "@rpath";
				ENABLE_MODULE_VERIFIER = YES;
				GENERATE_INFOPLIST_FILE = YES;
				INFOPLIST_KEY_NSHumanReadableCopyright = "";
				INSTALL_PATH = "$(LOCAL_LIBRARY_DIR)/Frameworks";
				IPHONEOS_DEPLOYMENT_TARGET = 18.6;
				LD_RUNPATH_SEARCH_PATHS = (
					"@executable_path/Frameworks",
					"@loader_path/Frameworks",
				);
				"LD_RUNPATH_SEARCH_PATHS[sdk=macosx*]" = (
					"@executable_path/../Frameworks",
					"@loader_path/Frameworks",
				);
				MACOSX_DEPLOYMENT_TARGET = 15.6;
				MARKETING_VERSION = 1.0;
				MODULE_VERIFIER_SUPPORTED_LANGUAGES = "objective-c objective-c++";
				MODULE_VERIFIER_SUPPORTED_LANGUAGE_STANDARDS = "gnu17 gnu++20";
				PRODUCT_BUNDLE_IDENTIFIER = app.peyton.sunclub.FastVLM;
				PRODUCT_NAME = "$(TARGET_NAME:c99extidentifier)";
				SDKROOT = auto;
				SKIP_INSTALL = YES;
				STRING_CATALOG_GENERATE_SYMBOLS = YES;
				SUPPORTED_PLATFORMS = "iphoneos iphonesimulator macosx xros xrsimulator";
				SWIFT_APPROACHABLE_CONCURRENCY = YES;
				SWIFT_EMIT_LOC_STRINGS = YES;
				SWIFT_INSTALL_MODULE = YES;
				SWIFT_INSTALL_OBJC_HEADER = NO;
				SWIFT_UPCOMING_FEATURE_MEMBER_IMPORT_VISIBILITY = YES;
				SWIFT_VERSION = 5.0;
				TARGETED_DEVICE_FAMILY = "1,2,7";
				VERSIONING_SYSTEM = "apple-generic";
				VERSION_INFO_PREFIX = "";
				XROS_DEPLOYMENT_TARGET = 2.6;
			};
			name = Release;
		};
		9C56E1CB2F4CFA910069962F /* Debug */ = {
			isa = XCBuildConfiguration;
			buildSettings = {
				ASSETCATALOG_COMPILER_APPICON_NAME = AppIcon;
				ASSETCATALOG_COMPILER_GLOBAL_ACCENT_COLOR_NAME = AccentColor;
				CODE_SIGN_ENTITLEMENTS = Sunclub/Sunclub.entitlements;
				CODE_SIGN_STYLE = Automatic;
				CURRENT_PROJECT_VERSION = 1;
				DEVELOPMENT_TEAM = 3VDQ4656LX;
				ENABLE_APP_SANDBOX = YES;
				ENABLE_HARDENED_RUNTIME = YES;
				ENABLE_INCOMING_NETWORK_CONNECTIONS = NO;
				ENABLE_OUTGOING_NETWORK_CONNECTIONS = YES;
				ENABLE_PREVIEWS = YES;
				ENABLE_RESOURCE_ACCESS_AUDIO_INPUT = NO;
				ENABLE_RESOURCE_ACCESS_BLUETOOTH = NO;
				ENABLE_RESOURCE_ACCESS_CALENDARS = NO;
				ENABLE_RESOURCE_ACCESS_CAMERA = YES;
				ENABLE_RESOURCE_ACCESS_CONTACTS = NO;
				ENABLE_RESOURCE_ACCESS_LOCATION = NO;
				ENABLE_RESOURCE_ACCESS_PRINTING = NO;
				ENABLE_RESOURCE_ACCESS_USB = NO;
				ENABLE_USER_SELECTED_FILES = readonly;
				GENERATE_INFOPLIST_FILE = YES;
				INFOPLIST_FILE = Sunclub/Info.plist;
				INFOPLIST_KEY_CFBundleDisplayName = Sunclub;
				INFOPLIST_KEY_LSApplicationCategoryType = "public.app-category.healthcare-fitness";
				INFOPLIST_KEY_NSCameraUsageDescription = "Camera access is used to detect your sunscreen and log daily sunscreen application.";
				INFOPLIST_KEY_UIApplicationSceneManifest_Generation = YES;
				INFOPLIST_KEY_UIApplicationSupportsIndirectInputEvents = YES;
				INFOPLIST_KEY_UILaunchScreen_Generation = YES;
				INFOPLIST_KEY_UISupportedInterfaceOrientations = UIInterfaceOrientationPortrait;
				INFOPLIST_KEY_UISupportedInterfaceOrientations_iPad = "UIInterfaceOrientationLandscapeLeft UIInterfaceOrientationLandscapeRight UIInterfaceOrientationPortrait UIInterfaceOrientationPortraitUpsideDown";
				IPHONEOS_DEPLOYMENT_TARGET = 18.6;
				LD_RUNPATH_SEARCH_PATHS = (
					"$(inherited)",
					"@executable_path/Frameworks",
				);
				"LD_RUNPATH_SEARCH_PATHS[sdk=macosx*]" = "@executable_path/../Frameworks";
				MACOSX_DEPLOYMENT_TARGET = 15.6;
				MARKETING_VERSION = 0.1;
				PRODUCT_BUNDLE_IDENTIFIER = app.peyton.sunclub;
				PRODUCT_NAME = Sunclub;
				REGISTER_APP_GROUPS = YES;
				STRING_CATALOG_GENERATE_SYMBOLS = YES;
				SUPPORTED_PLATFORMS = "iphoneos iphonesimulator macosx xros xrsimulator";
				SUPPORTS_MACCATALYST = NO;
				SUPPORTS_MAC_DESIGNED_FOR_IPHONE_IPAD = NO;
				SUPPORTS_XR_DESIGNED_FOR_IPHONE_IPAD = NO;
				SWIFT_APPROACHABLE_CONCURRENCY = YES;
				SWIFT_EMIT_LOC_STRINGS = YES;
				SWIFT_UPCOMING_FEATURE_MEMBER_IMPORT_VISIBILITY = YES;
				SWIFT_VERSION = 6.0;
				TARGETED_DEVICE_FAMILY = "1,2,7";
				XROS_DEPLOYMENT_TARGET = 2.6;
			};
			name = Debug;
		};
		9C56E1CC2F4CFA910069962F /* Release */ = {
			isa = XCBuildConfiguration;
			buildSettings = {
				ASSETCATALOG_COMPILER_APPICON_NAME = AppIcon;
				ASSETCATALOG_COMPILER_GLOBAL_ACCENT_COLOR_NAME = AccentColor;
				CODE_SIGN_ENTITLEMENTS = Sunclub/Sunclub.entitlements;
				CODE_SIGN_STYLE = Automatic;
				CURRENT_PROJECT_VERSION = 1;
				DEVELOPMENT_TEAM = 3VDQ4656LX;
				ENABLE_APP_SANDBOX = YES;
				ENABLE_HARDENED_RUNTIME = YES;
				ENABLE_INCOMING_NETWORK_CONNECTIONS = NO;
				ENABLE_OUTGOING_NETWORK_CONNECTIONS = YES;
				ENABLE_PREVIEWS = YES;
				ENABLE_RESOURCE_ACCESS_AUDIO_INPUT = NO;
				ENABLE_RESOURCE_ACCESS_BLUETOOTH = NO;
				ENABLE_RESOURCE_ACCESS_CALENDARS = NO;
				ENABLE_RESOURCE_ACCESS_CAMERA = YES;
				ENABLE_RESOURCE_ACCESS_CONTACTS = NO;
				ENABLE_RESOURCE_ACCESS_LOCATION = NO;
				ENABLE_RESOURCE_ACCESS_PRINTING = NO;
				ENABLE_RESOURCE_ACCESS_USB = NO;
				ENABLE_USER_SELECTED_FILES = readonly;
				GENERATE_INFOPLIST_FILE = YES;
				INFOPLIST_FILE = Sunclub/Info.plist;
				INFOPLIST_KEY_CFBundleDisplayName = Sunclub;
				INFOPLIST_KEY_LSApplicationCategoryType = "public.app-category.healthcare-fitness";
				INFOPLIST_KEY_NSCameraUsageDescription = "Camera access is used to detect your sunscreen and log daily sunscreen application.";
				INFOPLIST_KEY_UIApplicationSceneManifest_Generation = YES;
				INFOPLIST_KEY_UIApplicationSupportsIndirectInputEvents = YES;
				INFOPLIST_KEY_UILaunchScreen_Generation = YES;
				INFOPLIST_KEY_UISupportedInterfaceOrientations = UIInterfaceOrientationPortrait;
				INFOPLIST_KEY_UISupportedInterfaceOrientations_iPad = "UIInterfaceOrientationLandscapeLeft UIInterfaceOrientationLandscapeRight UIInterfaceOrientationPortrait UIInterfaceOrientationPortraitUpsideDown";
				IPHONEOS_DEPLOYMENT_TARGET = 18.6;
				LD_RUNPATH_SEARCH_PATHS = (
					"$(inherited)",
					"@executable_path/Frameworks",
				);
				"LD_RUNPATH_SEARCH_PATHS[sdk=macosx*]" = "@executable_path/../Frameworks";
				MACOSX_DEPLOYMENT_TARGET = 15.6;
				MARKETING_VERSION = 0.1;
				PRODUCT_BUNDLE_IDENTIFIER = app.peyton.sunclub;
				PRODUCT_NAME = Sunclub;
				REGISTER_APP_GROUPS = YES;
				STRING_CATALOG_GENERATE_SYMBOLS = YES;
				SUPPORTED_PLATFORMS = "iphoneos iphonesimulator macosx xros xrsimulator";
				SUPPORTS_MACCATALYST = NO;
				SUPPORTS_MAC_DESIGNED_FOR_IPHONE_IPAD = NO;
				SUPPORTS_XR_DESIGNED_FOR_IPHONE_IPAD = NO;
				SWIFT_APPROACHABLE_CONCURRENCY = YES;
				SWIFT_EMIT_LOC_STRINGS = YES;
				SWIFT_UPCOMING_FEATURE_MEMBER_IMPORT_VISIBILITY = YES;
				SWIFT_VERSION = 6.0;
				TARGETED_DEVICE_FAMILY = "1,2,7";
				XROS_DEPLOYMENT_TARGET = 2.6;
			};
			name = Release;
		};
		9C56E1CD2F4CFA910069962F /* Debug */ = {
			isa = XCBuildConfiguration;
			buildSettings = {
				ALWAYS_SEARCH_USER_PATHS = NO;
				ASSETCATALOG_COMPILER_GENERATE_SWIFT_ASSET_SYMBOL_EXTENSIONS = YES;
				CLANG_ANALYZER_NONNULL = YES;
				CLANG_ANALYZER_NUMBER_OBJECT_CONVERSION = YES_AGGRESSIVE;
				CLANG_CXX_LANGUAGE_STANDARD = "gnu++20";
				CLANG_ENABLE_MODULES = YES;
				CLANG_ENABLE_OBJC_ARC = YES;
				CLANG_ENABLE_OBJC_WEAK = YES;
				CLANG_WARN_BLOCK_CAPTURE_AUTORELEASING = YES;
				CLANG_WARN_BOOL_CONVERSION = YES;
				CLANG_WARN_COMMA = YES;
				CLANG_WARN_CONSTANT_CONVERSION = YES;
				CLANG_WARN_DEPRECATED_OBJC_IMPLEMENTATIONS = YES;
				CLANG_WARN_DIRECT_OBJC_ISA_USAGE = YES_ERROR;
				CLANG_WARN_DOCUMENTATION_COMMENTS = YES;
				CLANG_WARN_EMPTY_BODY = YES;
				CLANG_WARN_ENUM_CONVERSION = YES;
				CLANG_WARN_INFINITE_RECURSION = YES;
				CLANG_WARN_INT_CONVERSION = YES;
				CLANG_WARN_NON_LITERAL_NULL_CONVERSION = YES;
				CLANG_WARN_OBJC_IMPLICIT_RETAIN_SELF = YES;
				CLANG_WARN_OBJC_LITERAL_CONVERSION = YES;
				CLANG_WARN_OBJC_ROOT_CLASS = YES_ERROR;
				CLANG_WARN_QUOTED_INCLUDE_IN_FRAMEWORK_HEADER = YES;
				CLANG_WARN_RANGE_LOOP_ANALYSIS = YES;
				CLANG_WARN_STRICT_PROTOTYPES = YES;
				CLANG_WARN_SUSPICIOUS_MOVE = YES;
				CLANG_WARN_UNGUARDED_AVAILABILITY = YES_AGGRESSIVE;
				CLANG_WARN_UNREACHABLE_CODE = YES;
				CLANG_WARN__DUPLICATE_METHOD_MATCH = YES;
				COPY_PHASE_STRIP = NO;
				DEBUG_INFORMATION_FORMAT = dwarf;
				DEVELOPMENT_TEAM = 3VDQ4656LX;
				ENABLE_STRICT_OBJC_MSGSEND = YES;
				ENABLE_TESTABILITY = YES;
				ENABLE_USER_SCRIPT_SANDBOXING = YES;
				GCC_C_LANGUAGE_STANDARD = gnu17;
				GCC_DYNAMIC_NO_PIC = NO;
				GCC_NO_COMMON_BLOCKS = YES;
				GCC_OPTIMIZATION_LEVEL = 0;
				GCC_PREPROCESSOR_DEFINITIONS = (
					"DEBUG=1",
					"$(inherited)",
				);
				GCC_WARN_64_TO_32_BIT_CONVERSION = YES;
				GCC_WARN_ABOUT_RETURN_TYPE = YES_ERROR;
				GCC_WARN_UNDECLARED_SELECTOR = YES;
				GCC_WARN_UNINITIALIZED_AUTOS = YES_AGGRESSIVE;
				GCC_WARN_UNUSED_FUNCTION = YES;
				GCC_WARN_UNUSED_VARIABLE = YES;
				IPHONEOS_DEPLOYMENT_TARGET = 18.6;
				LOCALIZATION_PREFERS_STRING_CATALOGS = YES;
				MTL_ENABLE_DEBUG_INFO = INCLUDE_SOURCE;
				MTL_FAST_MATH = YES;
				ONLY_ACTIVE_ARCH = YES;
				SDKROOT = iphoneos;
				STRING_CATALOG_GENERATE_SYMBOLS = YES;
				SWIFT_ACTIVE_COMPILATION_CONDITIONS = "DEBUG $(inherited)";
				SWIFT_OPTIMIZATION_LEVEL = "-Onone";
			};
			name = Debug;
		};
		9C56E1CE2F4CFA910069962F /* Release */ = {
			isa = XCBuildConfiguration;
			buildSettings = {
				ALWAYS_SEARCH_USER_PATHS = NO;
				ASSETCATALOG_COMPILER_GENERATE_SWIFT_ASSET_SYMBOL_EXTENSIONS = YES;
				CLANG_ANALYZER_NONNULL = YES;
				CLANG_ANALYZER_NUMBER_OBJECT_CONVERSION = YES_AGGRESSIVE;
				CLANG_CXX_LANGUAGE_STANDARD = "gnu++20";
				CLANG_ENABLE_MODULES = YES;
				CLANG_ENABLE_OBJC_ARC = YES;
				CLANG_ENABLE_OBJC_WEAK = YES;
				CLANG_WARN_BLOCK_CAPTURE_AUTORELEASING = YES;
				CLANG_WARN_BOOL_CONVERSION = YES;
				CLANG_WARN_COMMA = YES;
				CLANG_WARN_CONSTANT_CONVERSION = YES;
				CLANG_WARN_DEPRECATED_OBJC_IMPLEMENTATIONS = YES;
				CLANG_WARN_DIRECT_OBJC_ISA_USAGE = YES_ERROR;
				CLANG_WARN_DOCUMENTATION_COMMENTS = YES;
				CLANG_WARN_EMPTY_BODY = YES;
				CLANG_WARN_ENUM_CONVERSION = YES;
				CLANG_WARN_INFINITE_RECURSION = YES;
				CLANG_WARN_INT_CONVERSION = YES;
				CLANG_WARN_NON_LITERAL_NULL_CONVERSION = YES;
				CLANG_WARN_OBJC_IMPLICIT_RETAIN_SELF = YES;
				CLANG_WARN_OBJC_LITERAL_CONVERSION = YES;
				CLANG_WARN_OBJC_ROOT_CLASS = YES_ERROR;
				CLANG_WARN_QUOTED_INCLUDE_IN_FRAMEWORK_HEADER = YES;
				CLANG_WARN_RANGE_LOOP_ANALYSIS = YES;
				CLANG_WARN_STRICT_PROTOTYPES = YES;
				CLANG_WARN_SUSPICIOUS_MOVE = YES;
				CLANG_WARN_UNGUARDED_AVAILABILITY = YES_AGGRESSIVE;
				CLANG_WARN_UNREACHABLE_CODE = YES;
				CLANG_WARN__DUPLICATE_METHOD_MATCH = YES;
				COPY_PHASE_STRIP = NO;
				DEBUG_INFORMATION_FORMAT = "dwarf-with-dsym";
				DEVELOPMENT_TEAM = 3VDQ4656LX;
				ENABLE_NS_ASSERTIONS = NO;
				ENABLE_STRICT_OBJC_MSGSEND = YES;
				ENABLE_USER_SCRIPT_SANDBOXING = YES;
				GCC_C_LANGUAGE_STANDARD = gnu17;
				GCC_NO_COMMON_BLOCKS = YES;
				GCC_WARN_64_TO_32_BIT_CONVERSION = YES;
				GCC_WARN_ABOUT_RETURN_TYPE = YES_ERROR;
				GCC_WARN_UNDECLARED_SELECTOR = YES;
				GCC_WARN_UNINITIALIZED_AUTOS = YES_AGGRESSIVE;
				GCC_WARN_UNUSED_FUNCTION = YES;
				GCC_WARN_UNUSED_VARIABLE = YES;
				IPHONEOS_DEPLOYMENT_TARGET = 18.6;
				LOCALIZATION_PREFERS_STRING_CATALOGS = YES;
				MTL_ENABLE_DEBUG_INFO = NO;
				MTL_FAST_MATH = YES;
				SDKROOT = iphoneos;
				STRING_CATALOG_GENERATE_SYMBOLS = YES;
				SWIFT_COMPILATION_MODE = wholemodule;
				VALIDATE_PRODUCT = YES;
			};
			name = Release;
		};
		9C56E1D02F4CFA910069962F /* Debug */ = {
			isa = XCBuildConfiguration;
			buildSettings = {
				BUNDLE_LOADER = "$(TEST_HOST)";
				CODE_SIGN_STYLE = Automatic;
				CURRENT_PROJECT_VERSION = 1;
				DEVELOPMENT_TEAM = 3VDQ4656LX;
				GENERATE_INFOPLIST_FILE = YES;
				IPHONEOS_DEPLOYMENT_TARGET = 18.6;
				MARKETING_VERSION = 1.0;
				PRODUCT_BUNDLE_IDENTIFIER = app.peyton.sunclubTests;
				PRODUCT_NAME = SunclubTests;
				STRING_CATALOG_GENERATE_SYMBOLS = NO;
				SUPPORTED_PLATFORMS = "iphoneos iphonesimulator";
				SUPPORTS_MACCATALYST = NO;
				SUPPORTS_MAC_DESIGNED_FOR_IPHONE_IPAD = NO;
				SUPPORTS_XR_DESIGNED_FOR_IPHONE_IPAD = NO;
				SWIFT_APPROACHABLE_CONCURRENCY = YES;
				SWIFT_EMIT_LOC_STRINGS = NO;
				SWIFT_UPCOMING_FEATURE_MEMBER_IMPORT_VISIBILITY = YES;
				SWIFT_VERSION = 6.0;
				TARGETED_DEVICE_FAMILY = "1,2";
				TEST_HOST = "$(BUILT_PRODUCTS_DIR)/Sunclub.app/$(BUNDLE_EXECUTABLE_FOLDER_PATH)/Sunclub";
			};
			name = Debug;
		};
		9C56E1D12F4CFA910069962F /* Release */ = {
			isa = XCBuildConfiguration;
			buildSettings = {
				BUNDLE_LOADER = "$(TEST_HOST)";
				CODE_SIGN_STYLE = Automatic;
				CURRENT_PROJECT_VERSION = 1;
				DEVELOPMENT_TEAM = 3VDQ4656LX;
				GENERATE_INFOPLIST_FILE = YES;
				IPHONEOS_DEPLOYMENT_TARGET = 18.6;
				MARKETING_VERSION = 1.0;
				PRODUCT_BUNDLE_IDENTIFIER = app.peyton.sunclubTests;
				PRODUCT_NAME = SunclubTests;
				STRING_CATALOG_GENERATE_SYMBOLS = NO;
				SUPPORTED_PLATFORMS = "iphoneos iphonesimulator";
				SUPPORTS_MACCATALYST = NO;
				SUPPORTS_MAC_DESIGNED_FOR_IPHONE_IPAD = NO;
				SUPPORTS_XR_DESIGNED_FOR_IPHONE_IPAD = NO;
				SWIFT_APPROACHABLE_CONCURRENCY = YES;
				SWIFT_EMIT_LOC_STRINGS = NO;
				SWIFT_UPCOMING_FEATURE_MEMBER_IMPORT_VISIBILITY = YES;
				SWIFT_VERSION = 6.0;
				TARGETED_DEVICE_FAMILY = "1,2";
				TEST_HOST = "$(BUILT_PRODUCTS_DIR)/Sunclub.app/$(BUNDLE_EXECUTABLE_FOLDER_PATH)/Sunclub";
			};
			name = Release;
		};
		9C56E1D32F4CFA910069962F /* Debug */ = {
			isa = XCBuildConfiguration;
			buildSettings = {
				CODE_SIGN_STYLE = Automatic;
				CURRENT_PROJECT_VERSION = 1;
				DEVELOPMENT_TEAM = 3VDQ4656LX;
				ENABLE_APP_SANDBOX = YES;
				ENABLE_HARDENED_RUNTIME = YES;
				ENABLE_OUTGOING_NETWORK_CONNECTIONS = YES;
				GENERATE_INFOPLIST_FILE = YES;
				IPHONEOS_DEPLOYMENT_TARGET = 18.2;
				MARKETING_VERSION = 1.0;
				PRODUCT_BUNDLE_IDENTIFIER = app.peyton.sunclubUITests;
				PRODUCT_NAME = SunclubUITests;
				REGISTER_APP_GROUPS = YES;
				STRING_CATALOG_GENERATE_SYMBOLS = NO;
				SUPPORTED_PLATFORMS = "iphoneos iphonesimulator";
				SUPPORTS_MACCATALYST = NO;
				SUPPORTS_MAC_DESIGNED_FOR_IPHONE_IPAD = NO;
				SUPPORTS_XR_DESIGNED_FOR_IPHONE_IPAD = NO;
				SWIFT_APPROACHABLE_CONCURRENCY = YES;
				SWIFT_EMIT_LOC_STRINGS = NO;
				SWIFT_UPCOMING_FEATURE_MEMBER_IMPORT_VISIBILITY = YES;
				SWIFT_VERSION = 6.0;
				TARGETED_DEVICE_FAMILY = "1,2";
				TEST_TARGET_NAME = Sunclub;
			};
			name = Debug;
		};
		9C56E1D42F4CFA910069962F /* Release */ = {
			isa = XCBuildConfiguration;
			buildSettings = {
				CODE_SIGN_STYLE = Automatic;
				CURRENT_PROJECT_VERSION = 1;
				DEVELOPMENT_TEAM = 3VDQ4656LX;
				ENABLE_APP_SANDBOX = YES;
				ENABLE_HARDENED_RUNTIME = YES;
				ENABLE_OUTGOING_NETWORK_CONNECTIONS = YES;
				GENERATE_INFOPLIST_FILE = YES;
				IPHONEOS_DEPLOYMENT_TARGET = 18.2;
				MARKETING_VERSION = 1.0;
				PRODUCT_BUNDLE_IDENTIFIER = app.peyton.sunclubUITests;
				PRODUCT_NAME = SunclubUITests;
				REGISTER_APP_GROUPS = YES;
				STRING_CATALOG_GENERATE_SYMBOLS = NO;
				SUPPORTED_PLATFORMS = "iphoneos iphonesimulator";
				SUPPORTS_MACCATALYST = NO;
				SUPPORTS_MAC_DESIGNED_FOR_IPHONE_IPAD = NO;
				SUPPORTS_XR_DESIGNED_FOR_IPHONE_IPAD = NO;
				SWIFT_APPROACHABLE_CONCURRENCY = YES;
				SWIFT_EMIT_LOC_STRINGS = NO;
				SWIFT_UPCOMING_FEATURE_MEMBER_IMPORT_VISIBILITY = YES;
				SWIFT_VERSION = 6.0;
				TARGETED_DEVICE_FAMILY = "1,2";
				TEST_TARGET_NAME = Sunclub;
			};
			name = Release;
		};
		F031CBD3B66F79AFE3BF45E7 /* Release */ = {
			isa = XCBuildConfiguration;
			buildSettings = {
				CLANG_ENABLE_OBJC_WEAK = NO;
				CODE_SIGN_STYLE = Automatic;
				CURRENT_PROJECT_VERSION = 1;
				DEVELOPMENT_TEAM = 3VDQ4656LX;
				GENERATE_INFOPLIST_FILE = YES;
				IPHONEOS_DEPLOYMENT_TARGET = 18.6;
				MARKETING_VERSION = 1.0;
				PRODUCT_BUNDLE_IDENTIFIER = app.peyton.sunclub.FastVLMTests;
				PRODUCT_NAME = FastVLMTests;
				SDKROOT = iphoneos;
				STRING_CATALOG_GENERATE_SYMBOLS = NO;
				SUPPORTED_PLATFORMS = "iphoneos iphonesimulator";
				SUPPORTS_MACCATALYST = NO;
				SUPPORTS_MAC_DESIGNED_FOR_IPHONE_IPAD = NO;
				SUPPORTS_XR_DESIGNED_FOR_IPHONE_IPAD = NO;
				SWIFT_APPROACHABLE_CONCURRENCY = YES;
				SWIFT_EMIT_LOC_STRINGS = NO;
				SWIFT_UPCOMING_FEATURE_MEMBER_IMPORT_VISIBILITY = YES;
				SWIFT_VERSION = 6.0;
				TARGETED_DEVICE_FAMILY = "1,2";
				TEST_TARGET_NAME = FastVLM;
				VALIDATE_PRODUCT = YES;
			};
			name = Release;
		};
/* End XCBuildConfiguration section */

/* Begin XCConfigurationList section */
		9C413EDF2F6A7D4B003C2190 /* Build configuration list for PBXNativeTarget "FastVLM" */ = {
			isa = XCConfigurationList;
			buildConfigurations = (
				9C413EE02F6A7D4B003C2190 /* Debug */,
				9C413EE12F6A7D4B003C2190 /* Release */,
			);
			defaultConfigurationIsVisible = 0;
			defaultConfigurationName = Release;
		};
		9C56E1A12F4CFA900069962F /* Build configuration list for PBXProject "Sunclub" */ = {
			isa = XCConfigurationList;
			buildConfigurations = (
				9C56E1CD2F4CFA910069962F /* Debug */,
				9C56E1CE2F4CFA910069962F /* Release */,
			);
			defaultConfigurationIsVisible = 0;
			defaultConfigurationName = Release;
		};
		9C56E1CA2F4CFA910069962F /* Build configuration list for PBXNativeTarget "Sunclub" */ = {
			isa = XCConfigurationList;
			buildConfigurations = (
				9C56E1CB2F4CFA910069962F /* Debug */,
				9C56E1CC2F4CFA910069962F /* Release */,
			);
			defaultConfigurationIsVisible = 0;
			defaultConfigurationName = Release;
		};
		9C56E1CF2F4CFA910069962F /* Build configuration list for PBXNativeTarget "SunclubTests" */ = {
			isa = XCConfigurationList;
			buildConfigurations = (
				9C56E1D02F4CFA910069962F /* Debug */,
				9C56E1D12F4CFA910069962F /* Release */,
			);
			defaultConfigurationIsVisible = 0;
			defaultConfigurationName = Release;
		};
		9C56E1D22F4CFA910069962F /* Build configuration list for PBXNativeTarget "SunclubUITests" */ = {
			isa = XCConfigurationList;
			buildConfigurations = (
				9C56E1D32F4CFA910069962F /* Debug */,
				9C56E1D42F4CFA910069962F /* Release */,
			);
			defaultConfigurationIsVisible = 0;
			defaultConfigurationName = Release;
		};
		A755A259FAFC251EC76B8DDA /* Build configuration list for PBXNativeTarget "FastVLMTests" */ = {
			isa = XCConfigurationList;
			buildConfigurations = (
				F031CBD3B66F79AFE3BF45E7 /* Release */,
				5D6878627A28EDF8EF533E71 /* Debug */,
			);
			defaultConfigurationIsVisible = 0;
			defaultConfigurationName = Release;
		};
/* End XCConfigurationList section */

/* Begin XCRemoteSwiftPackageReference section */
		FA5700020000000000000001 /* XCRemoteSwiftPackageReference "mlx-swift-examples" */ = {
			isa = XCRemoteSwiftPackageReference;
			repositoryURL = "https://github.com/ml-explore/mlx-swift-examples";
			requirement = {
				kind = upToNextMajorVersion;
				minimumVersion = 2.21.2;
			};
		};
		FA5700020000000000000002 /* XCRemoteSwiftPackageReference "mlx-swift" */ = {
			isa = XCRemoteSwiftPackageReference;
			repositoryURL = "https://github.com/ml-explore/mlx-swift";
			requirement = {
				kind = upToNextMajorVersion;
				minimumVersion = 0.21.2;
			};
		};
		FA5700020000000000000003 /* XCRemoteSwiftPackageReference "swift-transformers" */ = {
			isa = XCRemoteSwiftPackageReference;
			repositoryURL = "https://github.com/huggingface/swift-transformers";
			requirement = {
				kind = upToNextMajorVersion;
				minimumVersion = 0.1.18;
			};
		};
/* End XCRemoteSwiftPackageReference section */

/* Begin XCSwiftPackageProductDependency section */
		9C413EF02F6A7E75003C2190 /* MLXNN */ = {
			isa = XCSwiftPackageProductDependency;
			package = FA5700020000000000000002 /* XCRemoteSwiftPackageReference "mlx-swift" */;
			productName = MLXNN;
		};
		9C413EF22F6A7E7C003C2190 /* MLXLMCommon */ = {
			isa = XCSwiftPackageProductDependency;
			package = FA5700020000000000000001 /* XCRemoteSwiftPackageReference "mlx-swift-examples" */;
			productName = MLXLMCommon;
		};
		9C413EF42F6A7E84003C2190 /* Transformers */ = {
			isa = XCSwiftPackageProductDependency;
			package = FA5700020000000000000003 /* XCRemoteSwiftPackageReference "swift-transformers" */;
			productName = Transformers;
		};
		9C413EF62F6A7E8A003C2190 /* MLXVLM */ = {
			isa = XCSwiftPackageProductDependency;
			package = FA5700020000000000000001 /* XCRemoteSwiftPackageReference "mlx-swift-examples" */;
			productName = MLXVLM;
		};
		9C413EFA2F6A7EA1003C2190 /* MLX */ = {
			isa = XCSwiftPackageProductDependency;
			package = FA5700020000000000000002 /* XCRemoteSwiftPackageReference "mlx-swift" */;
			productName = MLX;
		};
		9C413EFC2F6A7EAA003C2190 /* MLXFast */ = {
			isa = XCSwiftPackageProductDependency;
			package = FA5700020000000000000002 /* XCRemoteSwiftPackageReference "mlx-swift" */;
			productName = MLXFast;
		};
		9C413F382F6A8058003C2190 /* MLXRandom */ = {
			isa = XCSwiftPackageProductDependency;
			package = FA5700020000000000000002 /* XCRemoteSwiftPackageReference "mlx-swift" */;
			productName = MLXRandom;
		};
		FA5700030000000000000001 /* MLX */ = {
			isa = XCSwiftPackageProductDependency;
			package = FA5700020000000000000002 /* XCRemoteSwiftPackageReference "mlx-swift" */;
			productName = MLX;
		};
		FA5700030000000000000002 /* MLXLMCommon */ = {
			isa = XCSwiftPackageProductDependency;
			package = FA5700020000000000000001 /* XCRemoteSwiftPackageReference "mlx-swift-examples" */;
			productName = MLXLMCommon;
		};
		FA5700030000000000000003 /* MLXVLM */ = {
			isa = XCSwiftPackageProductDependency;
			package = FA5700020000000000000001 /* XCRemoteSwiftPackageReference "mlx-swift-examples" */;
			productName = MLXVLM;
		};
		FA5700030000000000000004 /* MLXNN */ = {
			isa = XCSwiftPackageProductDependency;
			package = FA5700020000000000000002 /* XCRemoteSwiftPackageReference "mlx-swift" */;
			productName = MLXNN;
		};
		FA5700030000000000000005 /* MLXFast */ = {
			isa = XCSwiftPackageProductDependency;
			package = FA5700020000000000000002 /* XCRemoteSwiftPackageReference "mlx-swift" */;
			productName = MLXFast;
		};
		FA5700030000000000000006 /* Transformers */ = {
			isa = XCSwiftPackageProductDependency;
			package = FA5700020000000000000003 /* XCRemoteSwiftPackageReference "swift-transformers" */;
			productName = Transformers;
		};
/* End XCSwiftPackageProductDependency section */
	};
	rootObject = 9C56E19E2F4CFA900069962F /* Project object */;
}
